// !$*UTF8*$!
{
	archiveVersion = 1;
	classes = {
	};
	objectVersion = 55;
	objects = {

/* Begin PBXBuildFile section */
		29CA6612D782BC86B3A3FF1D /* Pods_Cuppo.framework in Frameworks */ = {isa = PBXBuildFile; fileRef = D13EC5D2DA38B7852FD05532 /* Pods_Cuppo.framework */; };
		9F253E9F27D668D30010C1E6 /* Constant.swift in Sources */ = {isa = PBXBuildFile; fileRef = 9F253E9E27D668D30010C1E6 /* Constant.swift */; };
		9F253EA127D669320010C1E6 /* UIColor.swift in Sources */ = {isa = PBXBuildFile; fileRef = 9F253EA027D669320010C1E6 /* UIColor.swift */; };
		9F253EA327D6693B0010C1E6 /* UIViewController.swift in Sources */ = {isa = PBXBuildFile; fileRef = 9F253EA227D6693B0010C1E6 /* UIViewController.swift */; };
		9F253EA527D66A3D0010C1E6 /* IndicatorView.swift in Sources */ = {isa = PBXBuildFile; fileRef = 9F253EA427D66A3D0010C1E6 /* IndicatorView.swift */; };
		9F253EAB27D70BBB0010C1E6 /* Calendar.storyboard in Resources */ = {isa = PBXBuildFile; fileRef = 9F253EAA27D70BBB0010C1E6 /* Calendar.storyboard */; };
		9F253EAD27D70BCC0010C1E6 /* CoffeeList.storyboard in Resources */ = {isa = PBXBuildFile; fileRef = 9F253EAC27D70BCC0010C1E6 /* CoffeeList.storyboard */; };
		9F253EAF27D70BD40010C1E6 /* Setting.storyboard in Resources */ = {isa = PBXBuildFile; fileRef = 9F253EAE27D70BD40010C1E6 /* Setting.storyboard */; };
		9F253EB227D712AE0010C1E6 /* CalendarViewController.swift in Sources */ = {isa = PBXBuildFile; fileRef = 9F253EB127D712AE0010C1E6 /* CalendarViewController.swift */; };
		9F253EB427D712C60010C1E6 /* CoffeeListViewController.swift in Sources */ = {isa = PBXBuildFile; fileRef = 9F253EB327D712C60010C1E6 /* CoffeeListViewController.swift */; };
		9F253EB627D712D10010C1E6 /* SettingViewController.swift in Sources */ = {isa = PBXBuildFile; fileRef = 9F253EB527D712D10010C1E6 /* SettingViewController.swift */; };
		9F253EBF27D71B4C0010C1E6 /* ViewModelProtocol.swift in Sources */ = {isa = PBXBuildFile; fileRef = 9F253EBE27D71B4C0010C1E6 /* ViewModelProtocol.swift */; };
		9F253EC127D71CA60010C1E6 /* UIFont.swift in Sources */ = {isa = PBXBuildFile; fileRef = 9F253EC027D71CA60010C1E6 /* UIFont.swift */; };
		9F253EC627D72CA70010C1E6 /* Coffee.storyboard in Resources */ = {isa = PBXBuildFile; fileRef = 9F253EC527D72CA70010C1E6 /* Coffee.storyboard */; };
		9F253EC827D72D760010C1E6 /* CoffeeViewController.swift in Sources */ = {isa = PBXBuildFile; fileRef = 9F253EC727D72D760010C1E6 /* CoffeeViewController.swift */; };
		9F253ECA27D7A5870010C1E6 /* Goyang.otf in Resources */ = {isa = PBXBuildFile; fileRef = 9F253EC227D71E470010C1E6 /* Goyang.otf */; };
		9F253ECC27D7A6310010C1E6 /* BaseController.swift in Sources */ = {isa = PBXBuildFile; fileRef = 9F253ECB27D7A6310010C1E6 /* BaseController.swift */; };
		9F253ECF27DA4C370010C1E6 /* DiaryViewController.swift in Sources */ = {isa = PBXBuildFile; fileRef = 9F253ECE27DA4C370010C1E6 /* DiaryViewController.swift */; };
		9F6AAA0727E78B6B008CE72F /* TabBarViewController.swift in Sources */ = {isa = PBXBuildFile; fileRef = 9F6AAA0627E78B6B008CE72F /* TabBarViewController.swift */; };
		9F7D540A27F3061A00D75CD0 /* AlertView.swift in Sources */ = {isa = PBXBuildFile; fileRef = 9F7D540927F3061A00D75CD0 /* AlertView.swift */; };
		9F7D540C27F3062400D75CD0 /* AlertView.xib in Resources */ = {isa = PBXBuildFile; fileRef = 9F7D540B27F3062400D75CD0 /* AlertView.xib */; };
		9F7D540E27F3079700D75CD0 /* CustomAlertProtocol.swift in Sources */ = {isa = PBXBuildFile; fileRef = 9F7D540D27F3079700D75CD0 /* CustomAlertProtocol.swift */; };
		9F7D541027F3122C00D75CD0 /* AlertView + PickerView.swift in Sources */ = {isa = PBXBuildFile; fileRef = 9F7D540F27F3122C00D75CD0 /* AlertView + PickerView.swift */; };
		9F7D541227F3621E00D75CD0 /* CalendarHelper.swift in Sources */ = {isa = PBXBuildFile; fileRef = 9F7D541127F3621E00D75CD0 /* CalendarHelper.swift */; };
		9F7D541427F3648B00D75CD0 /* CalendarCell.swift in Sources */ = {isa = PBXBuildFile; fileRef = 9F7D541327F3648B00D75CD0 /* CalendarCell.swift */; };
		9F7D541627F364C900D75CD0 /* CalendarVC + UICollectionView.swift in Sources */ = {isa = PBXBuildFile; fileRef = 9F7D541527F364C900D75CD0 /* CalendarVC + UICollectionView.swift */; };
		9F7D541E27F73C1700D75CD0 /* CalendarViewModel.swift in Sources */ = {isa = PBXBuildFile; fileRef = 9F7D541D27F73C1700D75CD0 /* CalendarViewModel.swift */; };
		9F7D542127F7465500D75CD0 /* DayModel.swift in Sources */ = {isa = PBXBuildFile; fileRef = 9F7D542027F7465500D75CD0 /* DayModel.swift */; };
		9F7D542527F7478D00D75CD0 /* Observable.swift in Sources */ = {isa = PBXBuildFile; fileRef = 9F7D542427F7478D00D75CD0 /* Observable.swift */; };
		9F7D542727F9D6F800D75CD0 /* CardService.swift in Sources */ = {isa = PBXBuildFile; fileRef = 9F7D542627F9D6F800D75CD0 /* CardService.swift */; };
		9F7D542B27FA104300D75CD0 /* CardListResponse.swift in Sources */ = {isa = PBXBuildFile; fileRef = 9F7D542A27FA104300D75CD0 /* CardListResponse.swift */; };
		9F7D542E27FA228700D75CD0 /* UIString.swift in Sources */ = {isa = PBXBuildFile; fileRef = 9F7D542D27FA228700D75CD0 /* UIString.swift */; };
		9F7D543027FA34F400D75CD0 /* UIDate.swift in Sources */ = {isa = PBXBuildFile; fileRef = 9F7D542F27FA34F400D75CD0 /* UIDate.swift */; };
		9F7D543527FAC32F00D75CD0 /* CardListViewModel.swift in Sources */ = {isa = PBXBuildFile; fileRef = 9F7D543427FAC32F00D75CD0 /* CardListViewModel.swift */; };
		9F7D543827FACCD200D75CD0 /* CoffeeListVC + TableView.swift in Sources */ = {isa = PBXBuildFile; fileRef = 9F7D543727FACCD200D75CD0 /* CoffeeListVC + TableView.swift */; };
		9F7D543A27FACCE300D75CD0 /* CoffeeListCell.swift in Sources */ = {isa = PBXBuildFile; fileRef = 9F7D543927FACCE300D75CD0 /* CoffeeListCell.swift */; };
		9F7D543C27FAD49300D75CD0 /* CardViewController.swift in Sources */ = {isa = PBXBuildFile; fileRef = 9F7D543B27FAD49300D75CD0 /* CardViewController.swift */; };
		9F7D544227FADC7D00D75CD0 /* CardViewModel.swift in Sources */ = {isa = PBXBuildFile; fileRef = 9F7D544127FADC7D00D75CD0 /* CardViewModel.swift */; };
		9F7D544427FAF3BA00D75CD0 /* CardDeleteResponse.swift in Sources */ = {isa = PBXBuildFile; fileRef = 9F7D544327FAF3BA00D75CD0 /* CardDeleteResponse.swift */; };
		9F7D544627FAF7CC00D75CD0 /* CardModifyResponse.swift in Sources */ = {isa = PBXBuildFile; fileRef = 9F7D544527FAF7CC00D75CD0 /* CardModifyResponse.swift */; };
		9F7D544827FAF82B00D75CD0 /* CardModifyRequest.swift in Sources */ = {isa = PBXBuildFile; fileRef = 9F7D544727FAF82B00D75CD0 /* CardModifyRequest.swift */; };
		9F7D544A27FB2BBE00D75CD0 /* DropDownView.swift in Sources */ = {isa = PBXBuildFile; fileRef = 9F7D544927FB2BBE00D75CD0 /* DropDownView.swift */; };
		9F7D544D27FB2C5F00D75CD0 /* DropDownView.xib in Resources */ = {isa = PBXBuildFile; fileRef = 9F7D544C27FB2C5F00D75CD0 /* DropDownView.xib */; };
		9F7D545027FB679700D75CD0 /* DiaryViewModel.swift in Sources */ = {isa = PBXBuildFile; fileRef = 9F7D544F27FB679700D75CD0 /* DiaryViewModel.swift */; };
		9F7D545327FBFA2200D75CD0 /* CombinationService.swift in Sources */ = {isa = PBXBuildFile; fileRef = 9F7D545227FBFA2200D75CD0 /* CombinationService.swift */; };
		9F7D545627FBFA9E00D75CD0 /* CombinationResponse.swift in Sources */ = {isa = PBXBuildFile; fileRef = 9F7D545527FBFA9E00D75CD0 /* CombinationResponse.swift */; };
		9F7D545827FC05A900D75CD0 /* IngredientResponse.swift in Sources */ = {isa = PBXBuildFile; fileRef = 9F7D545727FC05A900D75CD0 /* IngredientResponse.swift */; };
		9F7D545A27FC072600D75CD0 /* AllowedIngredientResponse.swift in Sources */ = {isa = PBXBuildFile; fileRef = 9F7D545927FC072600D75CD0 /* AllowedIngredientResponse.swift */; };
		9F7D545D27FC25EE00D75CD0 /* CoffeeViewModel.swift in Sources */ = {isa = PBXBuildFile; fileRef = 9F7D545C27FC25EE00D75CD0 /* CoffeeViewModel.swift */; };
		9F7D545F27FC3CE000D75CD0 /* CALayer.swift in Sources */ = {isa = PBXBuildFile; fileRef = 9F7D545E27FC3CE000D75CD0 /* CALayer.swift */; };
		9F7D546327FC4ABA00D75CD0 /* CoffeeVC + CollectionView.swift in Sources */ = {isa = PBXBuildFile; fileRef = 9F7D546227FC4ABA00D75CD0 /* CoffeeVC + CollectionView.swift */; };
		9F7D546527FC4AD300D75CD0 /* IngredientCell.swift in Sources */ = {isa = PBXBuildFile; fileRef = 9F7D546427FC4AD300D75CD0 /* IngredientCell.swift */; };
		9F7D546727FCAD8600D75CD0 /* BlankCell.swift in Sources */ = {isa = PBXBuildFile; fileRef = 9F7D546627FCAD8600D75CD0 /* BlankCell.swift */; };
		9F7D546927FD65EE00D75CD0 /* CombinationModel.swift in Sources */ = {isa = PBXBuildFile; fileRef = 9F7D546827FD65EE00D75CD0 /* CombinationModel.swift */; };
		9F81962327D64C0200FF42BA /* AppDelegate.swift in Sources */ = {isa = PBXBuildFile; fileRef = 9F81962227D64C0200FF42BA /* AppDelegate.swift */; };
		9F81962527D64C0200FF42BA /* SceneDelegate.swift in Sources */ = {isa = PBXBuildFile; fileRef = 9F81962427D64C0200FF42BA /* SceneDelegate.swift */; };
		9F81962A27D64C0200FF42BA /* TabBar.storyboard in Resources */ = {isa = PBXBuildFile; fileRef = 9F81962827D64C0200FF42BA /* TabBar.storyboard */; };
		9F81962C27D64C0300FF42BA /* Assets.xcassets in Resources */ = {isa = PBXBuildFile; fileRef = 9F81962B27D64C0300FF42BA /* Assets.xcassets */; };
		9F81962F27D64C0400FF42BA /* LaunchScreen.storyboard in Resources */ = {isa = PBXBuildFile; fileRef = 9F81962D27D64C0400FF42BA /* LaunchScreen.storyboard */; };
		9FB8F37F27FF6F2D00830CC4 /* CardAddRequest.swift in Sources */ = {isa = PBXBuildFile; fileRef = 9FB8F37E27FF6F2D00830CC4 /* CardAddRequest.swift */; };
		A8373A6B27DD17CE00BA0442 /* LoginViewController.swift in Sources */ = {isa = PBXBuildFile; fileRef = A8373A6A27DD17CE00BA0442 /* LoginViewController.swift */; };
		A8373A6D27DD270F00BA0442 /* UnderLineTextField.swift in Sources */ = {isa = PBXBuildFile; fileRef = A8373A6C27DD270F00BA0442 /* UnderLineTextField.swift */; };
		A8373A6F27DDC12700BA0442 /* LoginViewModel.swift in Sources */ = {isa = PBXBuildFile; fileRef = A8373A6E27DDC12700BA0442 /* LoginViewModel.swift */; };
		A8373A7227DDE01400BA0442 /* LoginService.swift in Sources */ = {isa = PBXBuildFile; fileRef = A8373A7127DDE01400BA0442 /* LoginService.swift */; };
		A8373A7A27DDE2B800BA0442 /* LoginResponse.swift in Sources */ = {isa = PBXBuildFile; fileRef = A8373A7927DDE2B800BA0442 /* LoginResponse.swift */; };
		A8373A7E27DDEDCF00BA0442 /* LoginRequest.swift in Sources */ = {isa = PBXBuildFile; fileRef = A8373A7D27DDEDCF00BA0442 /* LoginRequest.swift */; };
		A8373A8127DDF96F00BA0442 /* SignUpViewController.swift in Sources */ = {isa = PBXBuildFile; fileRef = A8373A8027DDF96F00BA0442 /* SignUpViewController.swift */; };
		A8373A8327DDFDFC00BA0442 /* SignUpViewModel.swift in Sources */ = {isa = PBXBuildFile; fileRef = A8373A8227DDFDFC00BA0442 /* SignUpViewModel.swift */; };
		A8373A8527DDFE4600BA0442 /* SignUpService.swift in Sources */ = {isa = PBXBuildFile; fileRef = A8373A8427DDFE4600BA0442 /* SignUpService.swift */; };
		A85A980827ED8294003DFC0F /* SettingActionView.swift in Sources */ = {isa = PBXBuildFile; fileRef = A85A980727ED8294003DFC0F /* SettingActionView.swift */; };
		A85A980B27EE093F003DFC0F /* LetterStyleViewController.swift in Sources */ = {isa = PBXBuildFile; fileRef = A85A980A27EE093F003DFC0F /* LetterStyleViewController.swift */; };
		A85A980D27EE0B06003DFC0F /* RadioViewButton.swift in Sources */ = {isa = PBXBuildFile; fileRef = A85A980C27EE0B06003DFC0F /* RadioViewButton.swift */; };
		A85A981027EE17BC003DFC0F /* ThemeViewController.swift in Sources */ = {isa = PBXBuildFile; fileRef = A85A980F27EE17BC003DFC0F /* ThemeViewController.swift */; };
		A85A981227EE19DD003DFC0F /* AccountManagementViewController.swift in Sources */ = {isa = PBXBuildFile; fileRef = A85A981127EE19DD003DFC0F /* AccountManagementViewController.swift */; };
		A85A981427EE4D20003DFC0F /* PasswordChangeViewController.swift in Sources */ = {isa = PBXBuildFile; fileRef = A85A981327EE4D20003DFC0F /* PasswordChangeViewController.swift */; };
		A85D998027EA203600E9B0AA /* SettingOptionCell.swift in Sources */ = {isa = PBXBuildFile; fileRef = A85D997F27EA203600E9B0AA /* SettingOptionCell.swift */; };
		A85D998227EA2E2F00E9B0AA /* OptionHeaderView.swift in Sources */ = {isa = PBXBuildFile; fileRef = A85D998127EA2E2F00E9B0AA /* OptionHeaderView.swift */; };
		A872773427EEE0E300B11132 /* WithdrawalViewController.swift in Sources */ = {isa = PBXBuildFile; fileRef = A872773327EEE0E300B11132 /* WithdrawalViewController.swift */; };
		A872773627EF06E900B11132 /* UserDataCenter.swift in Sources */ = {isa = PBXBuildFile; fileRef = A872773527EF06E900B11132 /* UserDataCenter.swift */; };
		A872773927EF0CA500B11132 /* PasswordFindViewController.swift in Sources */ = {isa = PBXBuildFile; fileRef = A872773827EF0CA500B11132 /* PasswordFindViewController.swift */; };
		A881467227FCA81B0052B215 /* Kyobo Handwriting 2019.otf in Resources */ = {isa = PBXBuildFile; fileRef = A881466F27FCA81B0052B215 /* Kyobo Handwriting 2019.otf */; };
		A881467327FCA81B0052B215 /* dovemayo.otf in Resources */ = {isa = PBXBuildFile; fileRef = A881467027FCA81B0052B215 /* dovemayo.otf */; };
		A881467427FCA81B0052B215 /* dovemayo_bold.otf in Resources */ = {isa = PBXBuildFile; fileRef = A881467127FCA81B0052B215 /* dovemayo_bold.otf */; };
/* End PBXBuildFile section */

/* Begin PBXFileReference section */
		1DB9F37DD0B307B399E1B39D /* Pods-Cuppo.debug.xcconfig */ = {isa = PBXFileReference; includeInIndex = 1; lastKnownFileType = text.xcconfig; name = "Pods-Cuppo.debug.xcconfig"; path = "Target Support Files/Pods-Cuppo/Pods-Cuppo.debug.xcconfig"; sourceTree = "<group>"; };
		78B7CE531B317FCE57E694A4 /* Pods-Cuppo.release.xcconfig */ = {isa = PBXFileReference; includeInIndex = 1; lastKnownFileType = text.xcconfig; name = "Pods-Cuppo.release.xcconfig"; path = "Target Support Files/Pods-Cuppo/Pods-Cuppo.release.xcconfig"; sourceTree = "<group>"; };
		9F253E9E27D668D30010C1E6 /* Constant.swift */ = {isa = PBXFileReference; lastKnownFileType = sourcecode.swift; path = Constant.swift; sourceTree = "<group>"; };
		9F253EA027D669320010C1E6 /* UIColor.swift */ = {isa = PBXFileReference; lastKnownFileType = sourcecode.swift; path = UIColor.swift; sourceTree = "<group>"; };
		9F253EA227D6693B0010C1E6 /* UIViewController.swift */ = {isa = PBXFileReference; lastKnownFileType = sourcecode.swift; path = UIViewController.swift; sourceTree = "<group>"; };
		9F253EA427D66A3D0010C1E6 /* IndicatorView.swift */ = {isa = PBXFileReference; lastKnownFileType = sourcecode.swift; path = IndicatorView.swift; sourceTree = "<group>"; };
		9F253EAA27D70BBB0010C1E6 /* Calendar.storyboard */ = {isa = PBXFileReference; lastKnownFileType = file.storyboard; path = Calendar.storyboard; sourceTree = "<group>"; };
		9F253EAC27D70BCC0010C1E6 /* CoffeeList.storyboard */ = {isa = PBXFileReference; lastKnownFileType = file.storyboard; path = CoffeeList.storyboard; sourceTree = "<group>"; };
		9F253EAE27D70BD40010C1E6 /* Setting.storyboard */ = {isa = PBXFileReference; lastKnownFileType = file.storyboard; path = Setting.storyboard; sourceTree = "<group>"; };
		9F253EB127D712AE0010C1E6 /* CalendarViewController.swift */ = {isa = PBXFileReference; lastKnownFileType = sourcecode.swift; path = CalendarViewController.swift; sourceTree = "<group>"; };
		9F253EB327D712C60010C1E6 /* CoffeeListViewController.swift */ = {isa = PBXFileReference; lastKnownFileType = sourcecode.swift; path = CoffeeListViewController.swift; sourceTree = "<group>"; };
		9F253EB527D712D10010C1E6 /* SettingViewController.swift */ = {isa = PBXFileReference; lastKnownFileType = sourcecode.swift; path = SettingViewController.swift; sourceTree = "<group>"; };
		9F253EBE27D71B4C0010C1E6 /* ViewModelProtocol.swift */ = {isa = PBXFileReference; lastKnownFileType = sourcecode.swift; path = ViewModelProtocol.swift; sourceTree = "<group>"; };
		9F253EC027D71CA60010C1E6 /* UIFont.swift */ = {isa = PBXFileReference; lastKnownFileType = sourcecode.swift; path = UIFont.swift; sourceTree = "<group>"; };
		9F253EC227D71E470010C1E6 /* Goyang.otf */ = {isa = PBXFileReference; lastKnownFileType = file; path = Goyang.otf; sourceTree = "<group>"; };
		9F253EC527D72CA70010C1E6 /* Coffee.storyboard */ = {isa = PBXFileReference; lastKnownFileType = file.storyboard; path = Coffee.storyboard; sourceTree = "<group>"; };
		9F253EC727D72D760010C1E6 /* CoffeeViewController.swift */ = {isa = PBXFileReference; lastKnownFileType = sourcecode.swift; path = CoffeeViewController.swift; sourceTree = "<group>"; };
		9F253ECB27D7A6310010C1E6 /* BaseController.swift */ = {isa = PBXFileReference; lastKnownFileType = sourcecode.swift; path = BaseController.swift; sourceTree = "<group>"; };
		9F253ECE27DA4C370010C1E6 /* DiaryViewController.swift */ = {isa = PBXFileReference; lastKnownFileType = sourcecode.swift; path = DiaryViewController.swift; sourceTree = "<group>"; };
		9F6AAA0627E78B6B008CE72F /* TabBarViewController.swift */ = {isa = PBXFileReference; lastKnownFileType = sourcecode.swift; path = TabBarViewController.swift; sourceTree = "<group>"; };
		9F7D540927F3061A00D75CD0 /* AlertView.swift */ = {isa = PBXFileReference; lastKnownFileType = sourcecode.swift; path = AlertView.swift; sourceTree = "<group>"; };
		9F7D540B27F3062400D75CD0 /* AlertView.xib */ = {isa = PBXFileReference; lastKnownFileType = file.xib; path = AlertView.xib; sourceTree = "<group>"; };
		9F7D540D27F3079700D75CD0 /* CustomAlertProtocol.swift */ = {isa = PBXFileReference; lastKnownFileType = sourcecode.swift; path = CustomAlertProtocol.swift; sourceTree = "<group>"; };
		9F7D540F27F3122C00D75CD0 /* AlertView + PickerView.swift */ = {isa = PBXFileReference; lastKnownFileType = sourcecode.swift; path = "AlertView + PickerView.swift"; sourceTree = "<group>"; };
		9F7D541127F3621E00D75CD0 /* CalendarHelper.swift */ = {isa = PBXFileReference; lastKnownFileType = sourcecode.swift; path = CalendarHelper.swift; sourceTree = "<group>"; };
		9F7D541327F3648B00D75CD0 /* CalendarCell.swift */ = {isa = PBXFileReference; lastKnownFileType = sourcecode.swift; path = CalendarCell.swift; sourceTree = "<group>"; };
		9F7D541527F364C900D75CD0 /* CalendarVC + UICollectionView.swift */ = {isa = PBXFileReference; lastKnownFileType = sourcecode.swift; path = "CalendarVC + UICollectionView.swift"; sourceTree = "<group>"; };
		9F7D541D27F73C1700D75CD0 /* CalendarViewModel.swift */ = {isa = PBXFileReference; lastKnownFileType = sourcecode.swift; path = CalendarViewModel.swift; sourceTree = "<group>"; };
		9F7D542027F7465500D75CD0 /* DayModel.swift */ = {isa = PBXFileReference; lastKnownFileType = sourcecode.swift; path = DayModel.swift; sourceTree = "<group>"; };
		9F7D542427F7478D00D75CD0 /* Observable.swift */ = {isa = PBXFileReference; lastKnownFileType = sourcecode.swift; path = Observable.swift; sourceTree = "<group>"; };
		9F7D542627F9D6F800D75CD0 /* CardService.swift */ = {isa = PBXFileReference; lastKnownFileType = sourcecode.swift; path = CardService.swift; sourceTree = "<group>"; };
		9F7D542A27FA104300D75CD0 /* CardListResponse.swift */ = {isa = PBXFileReference; lastKnownFileType = sourcecode.swift; path = CardListResponse.swift; sourceTree = "<group>"; };
		9F7D542D27FA228700D75CD0 /* UIString.swift */ = {isa = PBXFileReference; lastKnownFileType = sourcecode.swift; path = UIString.swift; sourceTree = "<group>"; };
		9F7D542F27FA34F400D75CD0 /* UIDate.swift */ = {isa = PBXFileReference; lastKnownFileType = sourcecode.swift; path = UIDate.swift; sourceTree = "<group>"; };
		9F7D543427FAC32F00D75CD0 /* CardListViewModel.swift */ = {isa = PBXFileReference; lastKnownFileType = sourcecode.swift; path = CardListViewModel.swift; sourceTree = "<group>"; };
		9F7D543727FACCD200D75CD0 /* CoffeeListVC + TableView.swift */ = {isa = PBXFileReference; lastKnownFileType = sourcecode.swift; path = "CoffeeListVC + TableView.swift"; sourceTree = "<group>"; };
		9F7D543927FACCE300D75CD0 /* CoffeeListCell.swift */ = {isa = PBXFileReference; lastKnownFileType = sourcecode.swift; path = CoffeeListCell.swift; sourceTree = "<group>"; };
		9F7D543B27FAD49300D75CD0 /* CardViewController.swift */ = {isa = PBXFileReference; lastKnownFileType = sourcecode.swift; path = CardViewController.swift; sourceTree = "<group>"; };
		9F7D544127FADC7D00D75CD0 /* CardViewModel.swift */ = {isa = PBXFileReference; lastKnownFileType = sourcecode.swift; path = CardViewModel.swift; sourceTree = "<group>"; };
		9F7D544327FAF3BA00D75CD0 /* CardDeleteResponse.swift */ = {isa = PBXFileReference; lastKnownFileType = sourcecode.swift; path = CardDeleteResponse.swift; sourceTree = "<group>"; };
		9F7D544527FAF7CC00D75CD0 /* CardModifyResponse.swift */ = {isa = PBXFileReference; lastKnownFileType = sourcecode.swift; path = CardModifyResponse.swift; sourceTree = "<group>"; };
		9F7D544727FAF82B00D75CD0 /* CardModifyRequest.swift */ = {isa = PBXFileReference; lastKnownFileType = sourcecode.swift; path = CardModifyRequest.swift; sourceTree = "<group>"; };
		9F7D544927FB2BBE00D75CD0 /* DropDownView.swift */ = {isa = PBXFileReference; lastKnownFileType = sourcecode.swift; path = DropDownView.swift; sourceTree = "<group>"; };
		9F7D544C27FB2C5F00D75CD0 /* DropDownView.xib */ = {isa = PBXFileReference; lastKnownFileType = file.xib; path = DropDownView.xib; sourceTree = "<group>"; };
		9F7D544F27FB679700D75CD0 /* DiaryViewModel.swift */ = {isa = PBXFileReference; lastKnownFileType = sourcecode.swift; path = DiaryViewModel.swift; sourceTree = "<group>"; };
		9F7D545227FBFA2200D75CD0 /* CombinationService.swift */ = {isa = PBXFileReference; lastKnownFileType = sourcecode.swift; path = CombinationService.swift; sourceTree = "<group>"; };
		9F7D545527FBFA9E00D75CD0 /* CombinationResponse.swift */ = {isa = PBXFileReference; lastKnownFileType = sourcecode.swift; path = CombinationResponse.swift; sourceTree = "<group>"; };
		9F7D545727FC05A900D75CD0 /* IngredientResponse.swift */ = {isa = PBXFileReference; lastKnownFileType = sourcecode.swift; path = IngredientResponse.swift; sourceTree = "<group>"; };
		9F7D545927FC072600D75CD0 /* AllowedIngredientResponse.swift */ = {isa = PBXFileReference; lastKnownFileType = sourcecode.swift; path = AllowedIngredientResponse.swift; sourceTree = "<group>"; };
		9F7D545C27FC25EE00D75CD0 /* CoffeeViewModel.swift */ = {isa = PBXFileReference; lastKnownFileType = sourcecode.swift; path = CoffeeViewModel.swift; sourceTree = "<group>"; };
		9F7D545E27FC3CE000D75CD0 /* CALayer.swift */ = {isa = PBXFileReference; lastKnownFileType = sourcecode.swift; path = CALayer.swift; sourceTree = "<group>"; };
		9F7D546227FC4ABA00D75CD0 /* CoffeeVC + CollectionView.swift */ = {isa = PBXFileReference; lastKnownFileType = sourcecode.swift; path = "CoffeeVC + CollectionView.swift"; sourceTree = "<group>"; };
		9F7D546427FC4AD300D75CD0 /* IngredientCell.swift */ = {isa = PBXFileReference; lastKnownFileType = sourcecode.swift; path = IngredientCell.swift; sourceTree = "<group>"; };
		9F7D546627FCAD8600D75CD0 /* BlankCell.swift */ = {isa = PBXFileReference; lastKnownFileType = sourcecode.swift; path = BlankCell.swift; sourceTree = "<group>"; };
		9F7D546827FD65EE00D75CD0 /* CombinationModel.swift */ = {isa = PBXFileReference; lastKnownFileType = sourcecode.swift; path = CombinationModel.swift; sourceTree = "<group>"; };
		9F81961F27D64C0200FF42BA /* Cuppo.app */ = {isa = PBXFileReference; explicitFileType = wrapper.application; includeInIndex = 0; path = Cuppo.app; sourceTree = BUILT_PRODUCTS_DIR; };
		9F81962227D64C0200FF42BA /* AppDelegate.swift */ = {isa = PBXFileReference; lastKnownFileType = sourcecode.swift; path = AppDelegate.swift; sourceTree = "<group>"; };
		9F81962427D64C0200FF42BA /* SceneDelegate.swift */ = {isa = PBXFileReference; lastKnownFileType = sourcecode.swift; path = SceneDelegate.swift; sourceTree = "<group>"; };
		9F81962927D64C0200FF42BA /* Base */ = {isa = PBXFileReference; lastKnownFileType = file.storyboard; name = Base; path = Base.lproj/TabBar.storyboard; sourceTree = "<group>"; };
		9F81962B27D64C0300FF42BA /* Assets.xcassets */ = {isa = PBXFileReference; lastKnownFileType = folder.assetcatalog; path = Assets.xcassets; sourceTree = "<group>"; };
		9F81962E27D64C0400FF42BA /* Base */ = {isa = PBXFileReference; lastKnownFileType = file.storyboard; name = Base; path = Base.lproj/LaunchScreen.storyboard; sourceTree = "<group>"; };
		9F81963027D64C0400FF42BA /* Info.plist */ = {isa = PBXFileReference; lastKnownFileType = text.plist.xml; path = Info.plist; sourceTree = "<group>"; };
		9FB8F37E27FF6F2D00830CC4 /* CardAddRequest.swift */ = {isa = PBXFileReference; lastKnownFileType = sourcecode.swift; path = CardAddRequest.swift; sourceTree = "<group>"; };
		A8373A6A27DD17CE00BA0442 /* LoginViewController.swift */ = {isa = PBXFileReference; lastKnownFileType = sourcecode.swift; name = LoginViewController.swift; path = Cuppo/Sources/Views/Login/LoginViewController.swift; sourceTree = SOURCE_ROOT; };
		A8373A6C27DD270F00BA0442 /* UnderLineTextField.swift */ = {isa = PBXFileReference; lastKnownFileType = sourcecode.swift; name = UnderLineTextField.swift; path = Cuppo/Sources/Views/Login/UnderLineTextField.swift; sourceTree = SOURCE_ROOT; };
		A8373A6E27DDC12700BA0442 /* LoginViewModel.swift */ = {isa = PBXFileReference; lastKnownFileType = sourcecode.swift; name = LoginViewModel.swift; path = Cuppo/Sources/Views/Login/LoginViewModel.swift; sourceTree = SOURCE_ROOT; };
		A8373A7127DDE01400BA0442 /* LoginService.swift */ = {isa = PBXFileReference; lastKnownFileType = sourcecode.swift; path = LoginService.swift; sourceTree = "<group>"; };
		A8373A7927DDE2B800BA0442 /* LoginResponse.swift */ = {isa = PBXFileReference; lastKnownFileType = sourcecode.swift; path = LoginResponse.swift; sourceTree = "<group>"; };
		A8373A7D27DDEDCF00BA0442 /* LoginRequest.swift */ = {isa = PBXFileReference; lastKnownFileType = sourcecode.swift; path = LoginRequest.swift; sourceTree = "<group>"; };
		A8373A8027DDF96F00BA0442 /* SignUpViewController.swift */ = {isa = PBXFileReference; lastKnownFileType = sourcecode.swift; path = SignUpViewController.swift; sourceTree = "<group>"; };
		A8373A8227DDFDFC00BA0442 /* SignUpViewModel.swift */ = {isa = PBXFileReference; lastKnownFileType = sourcecode.swift; path = SignUpViewModel.swift; sourceTree = "<group>"; };
		A8373A8427DDFE4600BA0442 /* SignUpService.swift */ = {isa = PBXFileReference; lastKnownFileType = sourcecode.swift; path = SignUpService.swift; sourceTree = "<group>"; };
		A85A980727ED8294003DFC0F /* SettingActionView.swift */ = {isa = PBXFileReference; lastKnownFileType = sourcecode.swift; path = SettingActionView.swift; sourceTree = "<group>"; };
		A85A980A27EE093F003DFC0F /* LetterStyleViewController.swift */ = {isa = PBXFileReference; lastKnownFileType = sourcecode.swift; path = LetterStyleViewController.swift; sourceTree = "<group>"; };
		A85A980C27EE0B06003DFC0F /* RadioViewButton.swift */ = {isa = PBXFileReference; lastKnownFileType = sourcecode.swift; path = RadioViewButton.swift; sourceTree = "<group>"; };
		A85A980F27EE17BC003DFC0F /* ThemeViewController.swift */ = {isa = PBXFileReference; lastKnownFileType = sourcecode.swift; path = ThemeViewController.swift; sourceTree = "<group>"; };
		A85A981127EE19DD003DFC0F /* AccountManagementViewController.swift */ = {isa = PBXFileReference; lastKnownFileType = sourcecode.swift; path = AccountManagementViewController.swift; sourceTree = "<group>"; };
		A85A981327EE4D20003DFC0F /* PasswordChangeViewController.swift */ = {isa = PBXFileReference; lastKnownFileType = sourcecode.swift; path = PasswordChangeViewController.swift; sourceTree = "<group>"; };
		A85D997F27EA203600E9B0AA /* SettingOptionCell.swift */ = {isa = PBXFileReference; lastKnownFileType = sourcecode.swift; path = SettingOptionCell.swift; sourceTree = "<group>"; };
		A85D998127EA2E2F00E9B0AA /* OptionHeaderView.swift */ = {isa = PBXFileReference; lastKnownFileType = sourcecode.swift; path = OptionHeaderView.swift; sourceTree = "<group>"; };
		A872773327EEE0E300B11132 /* WithdrawalViewController.swift */ = {isa = PBXFileReference; lastKnownFileType = sourcecode.swift; path = WithdrawalViewController.swift; sourceTree = "<group>"; };
		A872773527EF06E900B11132 /* UserDataCenter.swift */ = {isa = PBXFileReference; lastKnownFileType = sourcecode.swift; path = UserDataCenter.swift; sourceTree = "<group>"; };
		A872773827EF0CA500B11132 /* PasswordFindViewController.swift */ = {isa = PBXFileReference; lastKnownFileType = sourcecode.swift; path = PasswordFindViewController.swift; sourceTree = "<group>"; };
		A881466F27FCA81B0052B215 /* Kyobo Handwriting 2019.otf */ = {isa = PBXFileReference; lastKnownFileType = file; path = "Kyobo Handwriting 2019.otf"; sourceTree = "<group>"; };
		A881467027FCA81B0052B215 /* dovemayo.otf */ = {isa = PBXFileReference; lastKnownFileType = file; path = dovemayo.otf; sourceTree = "<group>"; };
		A881467127FCA81B0052B215 /* dovemayo_bold.otf */ = {isa = PBXFileReference; lastKnownFileType = file; path = dovemayo_bold.otf; sourceTree = "<group>"; };
		D13EC5D2DA38B7852FD05532 /* Pods_Cuppo.framework */ = {isa = PBXFileReference; explicitFileType = wrapper.framework; includeInIndex = 0; path = Pods_Cuppo.framework; sourceTree = BUILT_PRODUCTS_DIR; };
/* End PBXFileReference section */

/* Begin PBXFrameworksBuildPhase section */
		9F81961C27D64C0200FF42BA /* Frameworks */ = {
			isa = PBXFrameworksBuildPhase;
			buildActionMask = 2147483647;
			files = (
				29CA6612D782BC86B3A3FF1D /* Pods_Cuppo.framework in Frameworks */,
			);
			runOnlyForDeploymentPostprocessing = 0;
		};
/* End PBXFrameworksBuildPhase section */

/* Begin PBXGroup section */
		24FDE9BF14CDFF62C1689AFF /* Pods */ = {
			isa = PBXGroup;
			children = (
				1DB9F37DD0B307B399E1B39D /* Pods-Cuppo.debug.xcconfig */,
				78B7CE531B317FCE57E694A4 /* Pods-Cuppo.release.xcconfig */,
			);
			path = Pods;
			sourceTree = "<group>";
		};
		9F253EA627D70B240010C1E6 /* Main */ = {
			isa = PBXGroup;
			children = (
				9F81962827D64C0200FF42BA /* TabBar.storyboard */,
				9F6AAA0627E78B6B008CE72F /* TabBarViewController.swift */,
				9F253EA727D70B390010C1E6 /* Calendar */,
				9F253EC427D72C940010C1E6 /* Coffee */,
				9F253EA827D70B660010C1E6 /* CoffeeList */,
				9F253EA927D70B9E0010C1E6 /* Setting */,
			);
			path = Main;
			sourceTree = "<group>";
		};
		9F253EA727D70B390010C1E6 /* Calendar */ = {
			isa = PBXGroup;
			children = (
				9F7D543127FABD8800D75CD0 /* Extension + Cell */,
				9F253EAA27D70BBB0010C1E6 /* Calendar.storyboard */,
				9F253EB127D712AE0010C1E6 /* CalendarViewController.swift */,
			);
			path = Calendar;
			sourceTree = "<group>";
		};
		9F253EA827D70B660010C1E6 /* CoffeeList */ = {
			isa = PBXGroup;
			children = (
				9F7D543627FACCAE00D75CD0 /* Extension + Cell */,
				9F253EAC27D70BCC0010C1E6 /* CoffeeList.storyboard */,
				9F253EB327D712C60010C1E6 /* CoffeeListViewController.swift */,
			);
			path = CoffeeList;
			sourceTree = "<group>";
		};
		9F253EA927D70B9E0010C1E6 /* Setting */ = {
			isa = PBXGroup;
			children = (
				A85A980927EE07E2003DFC0F /* SubViews */,
				9F253EAE27D70BD40010C1E6 /* Setting.storyboard */,
				9F253EB527D712D10010C1E6 /* SettingViewController.swift */,
				A85A980A27EE093F003DFC0F /* LetterStyleViewController.swift */,
				A85A980F27EE17BC003DFC0F /* ThemeViewController.swift */,
				A85A981127EE19DD003DFC0F /* AccountManagementViewController.swift */,
				A85A981327EE4D20003DFC0F /* PasswordChangeViewController.swift */,
				A872773327EEE0E300B11132 /* WithdrawalViewController.swift */,
			);
			path = Setting;
			sourceTree = "<group>";
		};
		9F253EBC27D71AC10010C1E6 /* Fonts */ = {
			isa = PBXGroup;
			children = (
				A881467127FCA81B0052B215 /* dovemayo_bold.otf */,
				A881467027FCA81B0052B215 /* dovemayo.otf */,
				A881466F27FCA81B0052B215 /* Kyobo Handwriting 2019.otf */,
				9F253EC227D71E470010C1E6 /* Goyang.otf */,
			);
			name = Fonts;
			sourceTree = "<group>";
		};
		9F253EBD27D71B340010C1E6 /* Protocols */ = {
			isa = PBXGroup;
			children = (
				9F253EBE27D71B4C0010C1E6 /* ViewModelProtocol.swift */,
				9F7D540D27F3079700D75CD0 /* CustomAlertProtocol.swift */,
			);
			path = Protocols;
			sourceTree = "<group>";
		};
		9F253EC427D72C940010C1E6 /* Coffee */ = {
			isa = PBXGroup;
			children = (
				9F253EC527D72CA70010C1E6 /* Coffee.storyboard */,
				9F7D546027FC4A7300D75CD0 /* CoffeeVC */,
				9F253ECE27DA4C370010C1E6 /* DiaryViewController.swift */,
				9F7D543B27FAD49300D75CD0 /* CardViewController.swift */,
			);
			path = Coffee;
			sourceTree = "<group>";
		};
		9F7D540827F3060E00D75CD0 /* AlertView */ = {
			isa = PBXGroup;
			children = (
				9F7D540F27F3122C00D75CD0 /* AlertView + PickerView.swift */,
				9F7D540927F3061A00D75CD0 /* AlertView.swift */,
				9F7D540B27F3062400D75CD0 /* AlertView.xib */,
			);
			path = AlertView;
			sourceTree = "<group>";
		};
		9F7D541B27F73C0000D75CD0 /* ViewModels */ = {
			isa = PBXGroup;
			children = (
				9F7D545B27FC25CD00D75CD0 /* Coffee */,
				9F7D544E27FB677F00D75CD0 /* Diary */,
				9F7D544027FADC7300D75CD0 /* Card */,
				9F7D543327FAC2F800D75CD0 /* CardList */,
				9F7D541C27F73C0700D75CD0 /* Calendar */,
				9F7D542427F7478D00D75CD0 /* Observable.swift */,
			);
			path = ViewModels;
			sourceTree = "<group>";
		};
		9F7D541C27F73C0700D75CD0 /* Calendar */ = {
			isa = PBXGroup;
			children = (
				9F7D541D27F73C1700D75CD0 /* CalendarViewModel.swift */,
			);
			path = Calendar;
			sourceTree = "<group>";
		};
		9F7D541F27F7463100D75CD0 /* Calendar */ = {
			isa = PBXGroup;
			children = (
				9F7D542027F7465500D75CD0 /* DayModel.swift */,
			);
			path = Calendar;
			sourceTree = "<group>";
		};
		9F7D542827FA0DCF00D75CD0 /* Network */ = {
			isa = PBXGroup;
			children = (
				9F7D545127FBFA0800D75CD0 /* Combination */,
				9F7D542927FA0DD500D75CD0 /* Card */,
			);
			path = Network;
			sourceTree = "<group>";
		};
		9F7D542927FA0DD500D75CD0 /* Card */ = {
			isa = PBXGroup;
			children = (
				9F7D542627F9D6F800D75CD0 /* CardService.swift */,
			);
			path = Card;
			sourceTree = "<group>";
		};
		9F7D543127FABD8800D75CD0 /* Extension + Cell */ = {
			isa = PBXGroup;
			children = (
				9F7D541527F364C900D75CD0 /* CalendarVC + UICollectionView.swift */,
				9F7D541327F3648B00D75CD0 /* CalendarCell.swift */,
			);
			path = "Extension + Cell";
			sourceTree = "<group>";
		};
		9F7D543227FAC1C900D75CD0 /* Card */ = {
			isa = PBXGroup;
			children = (
				9F7D542A27FA104300D75CD0 /* CardListResponse.swift */,
				9F7D544327FAF3BA00D75CD0 /* CardDeleteResponse.swift */,
				9F7D544527FAF7CC00D75CD0 /* CardModifyResponse.swift */,
				9F7D544727FAF82B00D75CD0 /* CardModifyRequest.swift */,
				9FB8F37E27FF6F2D00830CC4 /* CardAddRequest.swift */,
			);
			path = Card;
			sourceTree = "<group>";
		};
		9F7D543327FAC2F800D75CD0 /* CardList */ = {
			isa = PBXGroup;
			children = (
				9F7D543427FAC32F00D75CD0 /* CardListViewModel.swift */,
			);
			path = CardList;
			sourceTree = "<group>";
		};
		9F7D543627FACCAE00D75CD0 /* Extension + Cell */ = {
			isa = PBXGroup;
			children = (
				9F7D543727FACCD200D75CD0 /* CoffeeListVC + TableView.swift */,
				9F7D543927FACCE300D75CD0 /* CoffeeListCell.swift */,
				9F7D546627FCAD8600D75CD0 /* BlankCell.swift */,
			);
			path = "Extension + Cell";
			sourceTree = "<group>";
		};
		9F7D544027FADC7300D75CD0 /* Card */ = {
			isa = PBXGroup;
			children = (
				9F7D544127FADC7D00D75CD0 /* CardViewModel.swift */,
			);
			path = Card;
			sourceTree = "<group>";
		};
		9F7D544B27FB2C4D00D75CD0 /* DropDownView */ = {
			isa = PBXGroup;
			children = (
				9F7D544C27FB2C5F00D75CD0 /* DropDownView.xib */,
				9F7D544927FB2BBE00D75CD0 /* DropDownView.swift */,
			);
			path = DropDownView;
			sourceTree = "<group>";
		};
		9F7D544E27FB677F00D75CD0 /* Diary */ = {
			isa = PBXGroup;
			children = (
				9F7D544F27FB679700D75CD0 /* DiaryViewModel.swift */,
			);
			path = Diary;
			sourceTree = "<group>";
		};
		9F7D545127FBFA0800D75CD0 /* Combination */ = {
			isa = PBXGroup;
			children = (
				9F7D545227FBFA2200D75CD0 /* CombinationService.swift */,
			);
			path = Combination;
			sourceTree = "<group>";
		};
		9F7D545427FBFA8300D75CD0 /* Combination */ = {
			isa = PBXGroup;
			children = (
				9F7D545527FBFA9E00D75CD0 /* CombinationResponse.swift */,
				9F7D545727FC05A900D75CD0 /* IngredientResponse.swift */,
				9F7D545927FC072600D75CD0 /* AllowedIngredientResponse.swift */,
				9F7D546827FD65EE00D75CD0 /* CombinationModel.swift */,
			);
			path = Combination;
			sourceTree = "<group>";
		};
		9F7D545B27FC25CD00D75CD0 /* Coffee */ = {
			isa = PBXGroup;
			children = (
				9F7D545C27FC25EE00D75CD0 /* CoffeeViewModel.swift */,
			);
			path = Coffee;
			sourceTree = "<group>";
		};
		9F7D546027FC4A7300D75CD0 /* CoffeeVC */ = {
			isa = PBXGroup;
			children = (
				9F7D546127FC4A8000D75CD0 /* Extension + Cell */,
				9F253EC727D72D760010C1E6 /* CoffeeViewController.swift */,
			);
			path = CoffeeVC;
			sourceTree = "<group>";
		};
		9F7D546127FC4A8000D75CD0 /* Extension + Cell */ = {
			isa = PBXGroup;
			children = (
				9F7D546227FC4ABA00D75CD0 /* CoffeeVC + CollectionView.swift */,
				9F7D546427FC4AD300D75CD0 /* IngredientCell.swift */,
			);
			path = "Extension + Cell";
			sourceTree = "<group>";
		};
		9F81961627D64C0200FF42BA = {
			isa = PBXGroup;
			children = (
				9F81962127D64C0200FF42BA /* Cuppo */,
				9F81962027D64C0200FF42BA /* Products */,
				24FDE9BF14CDFF62C1689AFF /* Pods */,
				AB7E05F38FA4277B3F736A53 /* Frameworks */,
			);
			sourceTree = "<group>";
		};
		9F81962027D64C0200FF42BA /* Products */ = {
			isa = PBXGroup;
			children = (
				9F81961F27D64C0200FF42BA /* Cuppo.app */,
			);
			name = Products;
			sourceTree = "<group>";
		};
		9F81962127D64C0200FF42BA /* Cuppo */ = {
			isa = PBXGroup;
			children = (
				9F81963027D64C0400FF42BA /* Info.plist */,
				9F81963627D64C3700FF42BA /* Applications */,
				9F81963727D64C3F00FF42BA /* Resources */,
				9F81963827D64C4D00FF42BA /* Sources */,
			);
			path = Cuppo;
			sourceTree = "<group>";
		};
		9F81963627D64C3700FF42BA /* Applications */ = {
			isa = PBXGroup;
			children = (
				9F81962D27D64C0400FF42BA /* LaunchScreen.storyboard */,
				9F81962227D64C0200FF42BA /* AppDelegate.swift */,
				9F81962427D64C0200FF42BA /* SceneDelegate.swift */,
			);
			path = Applications;
			sourceTree = "<group>";
		};
		9F81963727D64C3F00FF42BA /* Resources */ = {
			isa = PBXGroup;
			children = (
				9F81962B27D64C0300FF42BA /* Assets.xcassets */,
				9F253EBC27D71AC10010C1E6 /* Fonts */,
				9F81963927D64C9900FF42BA /* Constants */,
				9F81963A27D64CA100FF42BA /* Extension */,
				9F81963B27D64CAA00FF42BA /* Util */,
				9F253EBD27D71B340010C1E6 /* Protocols */,
			);
			path = Resources;
			sourceTree = "<group>";
		};
		9F81963827D64C4D00FF42BA /* Sources */ = {
			isa = PBXGroup;
			children = (
				9F7D542827FA0DCF00D75CD0 /* Network */,
				A8373A7727DDE28B00BA0442 /* Model */,
				9F81963E27D64CCF00FF42BA /* Views */,
				9F7D541B27F73C0000D75CD0 /* ViewModels */,
			);
			path = Sources;
			sourceTree = "<group>";
		};
		9F81963927D64C9900FF42BA /* Constants */ = {
			isa = PBXGroup;
			children = (
				9F253E9E27D668D30010C1E6 /* Constant.swift */,
			);
			path = Constants;
			sourceTree = "<group>";
		};
		9F81963A27D64CA100FF42BA /* Extension */ = {
			isa = PBXGroup;
			children = (
				9F253EA027D669320010C1E6 /* UIColor.swift */,
				9F253EA227D6693B0010C1E6 /* UIViewController.swift */,
				9F253EC027D71CA60010C1E6 /* UIFont.swift */,
				9F7D542D27FA228700D75CD0 /* UIString.swift */,
				9F7D542F27FA34F400D75CD0 /* UIDate.swift */,
				9F7D545E27FC3CE000D75CD0 /* CALayer.swift */,
			);
			path = Extension;
			sourceTree = "<group>";
		};
		9F81963B27D64CAA00FF42BA /* Util */ = {
			isa = PBXGroup;
			children = (
				9F7D544B27FB2C4D00D75CD0 /* DropDownView */,
				9F7D540827F3060E00D75CD0 /* AlertView */,
				9F253EA427D66A3D0010C1E6 /* IndicatorView.swift */,
				9F253ECB27D7A6310010C1E6 /* BaseController.swift */,
				A872773527EF06E900B11132 /* UserDataCenter.swift */,
				9F7D541127F3621E00D75CD0 /* CalendarHelper.swift */,
			);
			path = Util;
			sourceTree = "<group>";
		};
		9F81963E27D64CCF00FF42BA /* Views */ = {
			isa = PBXGroup;
			children = (
				A872773727EF0C8700B11132 /* FindPassword */,
				A8373A7F27DDF95400BA0442 /* SignUp */,
				A8373A7027DDDD6300BA0442 /* Login */,
				9F253EA627D70B240010C1E6 /* Main */,
			);
			path = Views;
			sourceTree = "<group>";
		};
		A8373A7027DDDD6300BA0442 /* Login */ = {
			isa = PBXGroup;
			children = (
				A8373A6A27DD17CE00BA0442 /* LoginViewController.swift */,
				A8373A6C27DD270F00BA0442 /* UnderLineTextField.swift */,
				A8373A6E27DDC12700BA0442 /* LoginViewModel.swift */,
				A8373A7127DDE01400BA0442 /* LoginService.swift */,
			);
			path = Login;
			sourceTree = "<group>";
		};
		A8373A7727DDE28B00BA0442 /* Model */ = {
			isa = PBXGroup;
			children = (
				9F7D545427FBFA8300D75CD0 /* Combination */,
				9F7D543227FAC1C900D75CD0 /* Card */,
				9F7D541F27F7463100D75CD0 /* Calendar */,
				A8373A7827DDE29E00BA0442 /* Login */,
			);
			path = Model;
			sourceTree = "<group>";
		};
		A8373A7827DDE29E00BA0442 /* Login */ = {
			isa = PBXGroup;
			children = (
				A8373A7927DDE2B800BA0442 /* LoginResponse.swift */,
				A8373A7D27DDEDCF00BA0442 /* LoginRequest.swift */,
			);
			path = Login;
			sourceTree = "<group>";
		};
		A8373A7F27DDF95400BA0442 /* SignUp */ = {
			isa = PBXGroup;
			children = (
				A8373A8027DDF96F00BA0442 /* SignUpViewController.swift */,
				A8373A8227DDFDFC00BA0442 /* SignUpViewModel.swift */,
				A8373A8427DDFE4600BA0442 /* SignUpService.swift */,
			);
			path = SignUp;
			sourceTree = "<group>";
		};
		A85A980927EE07E2003DFC0F /* SubViews */ = {
			isa = PBXGroup;
			children = (
				A85D998127EA2E2F00E9B0AA /* OptionHeaderView.swift */,
				A85D997F27EA203600E9B0AA /* SettingOptionCell.swift */,
				A85A980727ED8294003DFC0F /* SettingActionView.swift */,
				A85A980C27EE0B06003DFC0F /* RadioViewButton.swift */,
			);
			path = SubViews;
			sourceTree = "<group>";
		};
		A872773727EF0C8700B11132 /* FindPassword */ = {
			isa = PBXGroup;
			children = (
				A872773827EF0CA500B11132 /* PasswordFindViewController.swift */,
			);
			path = FindPassword;
			sourceTree = "<group>";
		};
		AB7E05F38FA4277B3F736A53 /* Frameworks */ = {
			isa = PBXGroup;
			children = (
				D13EC5D2DA38B7852FD05532 /* Pods_Cuppo.framework */,
			);
			name = Frameworks;
			sourceTree = "<group>";
		};
/* End PBXGroup section */

/* Begin PBXNativeTarget section */
		9F81961E27D64C0200FF42BA /* Cuppo */ = {
			isa = PBXNativeTarget;
			buildConfigurationList = 9F81963327D64C0400FF42BA /* Build configuration list for PBXNativeTarget "Cuppo" */;
			buildPhases = (
				BDE4CAF766E79DC9A9E4869F /* [CP] Check Pods Manifest.lock */,
				9F81961B27D64C0200FF42BA /* Sources */,
				9F81961C27D64C0200FF42BA /* Frameworks */,
				9F81961D27D64C0200FF42BA /* Resources */,
				A9FCBCA545FED87A27603144 /* [CP] Embed Pods Frameworks */,
			);
			buildRules = (
			);
			dependencies = (
			);
			name = Cuppo;
			productName = Cuppo;
			productReference = 9F81961F27D64C0200FF42BA /* Cuppo.app */;
			productType = "com.apple.product-type.application";
		};
/* End PBXNativeTarget section */

/* Begin PBXProject section */
		9F81961727D64C0200FF42BA /* Project object */ = {
			isa = PBXProject;
			attributes = {
				BuildIndependentTargetsInParallel = 1;
				LastSwiftUpdateCheck = 1310;
				LastUpgradeCheck = 1310;
				TargetAttributes = {
					9F81961E27D64C0200FF42BA = {
						CreatedOnToolsVersion = 13.1;
					};
				};
			};
			buildConfigurationList = 9F81961A27D64C0200FF42BA /* Build configuration list for PBXProject "Cuppo" */;
			compatibilityVersion = "Xcode 13.0";
			developmentRegion = en;
			hasScannedForEncodings = 0;
			knownRegions = (
				en,
				Base,
			);
			mainGroup = 9F81961627D64C0200FF42BA;
			productRefGroup = 9F81962027D64C0200FF42BA /* Products */;
			projectDirPath = "";
			projectRoot = "";
			targets = (
				9F81961E27D64C0200FF42BA /* Cuppo */,
			);
		};
/* End PBXProject section */

/* Begin PBXResourcesBuildPhase section */
		9F81961D27D64C0200FF42BA /* Resources */ = {
			isa = PBXResourcesBuildPhase;
			buildActionMask = 2147483647;
			files = (
				9F7D540C27F3062400D75CD0 /* AlertView.xib in Resources */,
				9F253EC627D72CA70010C1E6 /* Coffee.storyboard in Resources */,
				A881467427FCA81B0052B215 /* dovemayo_bold.otf in Resources */,
				9F253EAB27D70BBB0010C1E6 /* Calendar.storyboard in Resources */,
				9F253EAD27D70BCC0010C1E6 /* CoffeeList.storyboard in Resources */,
				9F81962F27D64C0400FF42BA /* LaunchScreen.storyboard in Resources */,
				9F7D544D27FB2C5F00D75CD0 /* DropDownView.xib in Resources */,
				A881467227FCA81B0052B215 /* Kyobo Handwriting 2019.otf in Resources */,
				9F81962C27D64C0300FF42BA /* Assets.xcassets in Resources */,
				9F81962A27D64C0200FF42BA /* TabBar.storyboard in Resources */,
				9F253ECA27D7A5870010C1E6 /* Goyang.otf in Resources */,
				9F253EAF27D70BD40010C1E6 /* Setting.storyboard in Resources */,
				A881467327FCA81B0052B215 /* dovemayo.otf in Resources */,
			);
			runOnlyForDeploymentPostprocessing = 0;
		};
/* End PBXResourcesBuildPhase section */

/* Begin PBXShellScriptBuildPhase section */
		A9FCBCA545FED87A27603144 /* [CP] Embed Pods Frameworks */ = {
			isa = PBXShellScriptBuildPhase;
			buildActionMask = 2147483647;
			files = (
			);
			inputFileListPaths = (
				"${PODS_ROOT}/Target Support Files/Pods-Cuppo/Pods-Cuppo-frameworks-${CONFIGURATION}-input-files.xcfilelist",
			);
			name = "[CP] Embed Pods Frameworks";
			outputFileListPaths = (
				"${PODS_ROOT}/Target Support Files/Pods-Cuppo/Pods-Cuppo-frameworks-${CONFIGURATION}-output-files.xcfilelist",
			);
			runOnlyForDeploymentPostprocessing = 0;
			shellPath = /bin/sh;
			shellScript = "\"${PODS_ROOT}/Target Support Files/Pods-Cuppo/Pods-Cuppo-frameworks.sh\"\n";
			showEnvVarsInLog = 0;
		};
		BDE4CAF766E79DC9A9E4869F /* [CP] Check Pods Manifest.lock */ = {
			isa = PBXShellScriptBuildPhase;
			buildActionMask = 2147483647;
			files = (
			);
			inputFileListPaths = (
			);
			inputPaths = (
				"${PODS_PODFILE_DIR_PATH}/Podfile.lock",
				"${PODS_ROOT}/Manifest.lock",
			);
			name = "[CP] Check Pods Manifest.lock";
			outputFileListPaths = (
			);
			outputPaths = (
				"$(DERIVED_FILE_DIR)/Pods-Cuppo-checkManifestLockResult.txt",
			);
			runOnlyForDeploymentPostprocessing = 0;
			shellPath = /bin/sh;
			shellScript = "diff \"${PODS_PODFILE_DIR_PATH}/Podfile.lock\" \"${PODS_ROOT}/Manifest.lock\" > /dev/null\nif [ $? != 0 ] ; then\n    # print error to STDERR\n    echo \"error: The sandbox is not in sync with the Podfile.lock. Run 'pod install' or update your CocoaPods installation.\" >&2\n    exit 1\nfi\n# This output is used by Xcode 'outputs' to avoid re-running this script phase.\necho \"SUCCESS\" > \"${SCRIPT_OUTPUT_FILE_0}\"\n";
			showEnvVarsInLog = 0;
		};
/* End PBXShellScriptBuildPhase section */

/* Begin PBXSourcesBuildPhase section */
		9F81961B27D64C0200FF42BA /* Sources */ = {
			isa = PBXSourcesBuildPhase;
			buildActionMask = 2147483647;
			files = (
				A85A981027EE17BC003DFC0F /* ThemeViewController.swift in Sources */,
				9F7D544627FAF7CC00D75CD0 /* CardModifyResponse.swift in Sources */,
				A872773427EEE0E300B11132 /* WithdrawalViewController.swift in Sources */,
				9F253EB227D712AE0010C1E6 /* CalendarViewController.swift in Sources */,
				9F253EC827D72D760010C1E6 /* CoffeeViewController.swift in Sources */,
				A85A980B27EE093F003DFC0F /* LetterStyleViewController.swift in Sources */,
				A8373A6D27DD270F00BA0442 /* UnderLineTextField.swift in Sources */,
				9F7D542E27FA228700D75CD0 /* UIString.swift in Sources */,
				9F7D541E27F73C1700D75CD0 /* CalendarViewModel.swift in Sources */,
				9F7D541027F3122C00D75CD0 /* AlertView + PickerView.swift in Sources */,
				9F7D541227F3621E00D75CD0 /* CalendarHelper.swift in Sources */,
				9F81962327D64C0200FF42BA /* AppDelegate.swift in Sources */,
				9F7D544427FAF3BA00D75CD0 /* CardDeleteResponse.swift in Sources */,
				A85D998027EA203600E9B0AA /* SettingOptionCell.swift in Sources */,
				A8373A6B27DD17CE00BA0442 /* LoginViewController.swift in Sources */,
				9F7D546727FCAD8600D75CD0 /* BlankCell.swift in Sources */,
				9F7D540E27F3079700D75CD0 /* CustomAlertProtocol.swift in Sources */,
				9F7D546927FD65EE00D75CD0 /* CombinationModel.swift in Sources */,
				9F7D542727F9D6F800D75CD0 /* CardService.swift in Sources */,
				A872773927EF0CA500B11132 /* PasswordFindViewController.swift in Sources */,
				9F253ECC27D7A6310010C1E6 /* BaseController.swift in Sources */,
				9F7D545827FC05A900D75CD0 /* IngredientResponse.swift in Sources */,
				9F7D545A27FC072600D75CD0 /* AllowedIngredientResponse.swift in Sources */,
				A85A981427EE4D20003DFC0F /* PasswordChangeViewController.swift in Sources */,
				9F253EA327D6693B0010C1E6 /* UIViewController.swift in Sources */,
				9F7D543027FA34F400D75CD0 /* UIDate.swift in Sources */,
				9F81962527D64C0200FF42BA /* SceneDelegate.swift in Sources */,
				A85A980827ED8294003DFC0F /* SettingActionView.swift in Sources */,
				9F7D541627F364C900D75CD0 /* CalendarVC + UICollectionView.swift in Sources */,
				9F253EB627D712D10010C1E6 /* SettingViewController.swift in Sources */,
				A872773627EF06E900B11132 /* UserDataCenter.swift in Sources */,
				9F253E9F27D668D30010C1E6 /* Constant.swift in Sources */,
				9F7D542B27FA104300D75CD0 /* CardListResponse.swift in Sources */,
				A8373A6F27DDC12700BA0442 /* LoginViewModel.swift in Sources */,
				9F253EBF27D71B4C0010C1E6 /* ViewModelProtocol.swift in Sources */,
				9F253EC127D71CA60010C1E6 /* UIFont.swift in Sources */,
				9F7D546327FC4ABA00D75CD0 /* CoffeeVC + CollectionView.swift in Sources */,
				A8373A7227DDE01400BA0442 /* LoginService.swift in Sources */,
				A8373A8527DDFE4600BA0442 /* SignUpService.swift in Sources */,
				9F253ECF27DA4C370010C1E6 /* DiaryViewController.swift in Sources */,
				9F7D544227FADC7D00D75CD0 /* CardViewModel.swift in Sources */,
				9F7D545027FB679700D75CD0 /* DiaryViewModel.swift in Sources */,
				9F6AAA0727E78B6B008CE72F /* TabBarViewController.swift in Sources */,
				9F7D545D27FC25EE00D75CD0 /* CoffeeViewModel.swift in Sources */,
				9F7D545F27FC3CE000D75CD0 /* CALayer.swift in Sources */,
				9F7D543527FAC32F00D75CD0 /* CardListViewModel.swift in Sources */,
				9F7D542527F7478D00D75CD0 /* Observable.swift in Sources */,
				9F7D543C27FAD49300D75CD0 /* CardViewController.swift in Sources */,
				9F7D543827FACCD200D75CD0 /* CoffeeListVC + TableView.swift in Sources */,
				A8373A8127DDF96F00BA0442 /* SignUpViewController.swift in Sources */,
				9FB8F37F27FF6F2D00830CC4 /* CardAddRequest.swift in Sources */,
				A85A981227EE19DD003DFC0F /* AccountManagementViewController.swift in Sources */,
				9F253EB427D712C60010C1E6 /* CoffeeListViewController.swift in Sources */,
				9F7D546527FC4AD300D75CD0 /* IngredientCell.swift in Sources */,
				9F7D542127F7465500D75CD0 /* DayModel.swift in Sources */,
				9F7D545627FBFA9E00D75CD0 /* CombinationResponse.swift in Sources */,
				9F7D544827FAF82B00D75CD0 /* CardModifyRequest.swift in Sources */,
				9F253EA527D66A3D0010C1E6 /* IndicatorView.swift in Sources */,
				9F7D540A27F3061A00D75CD0 /* AlertView.swift in Sources */,
				9F7D543A27FACCE300D75CD0 /* CoffeeListCell.swift in Sources */,
				9F253EA127D669320010C1E6 /* UIColor.swift in Sources */,
				A8373A7A27DDE2B800BA0442 /* LoginResponse.swift in Sources */,
				A8373A8327DDFDFC00BA0442 /* SignUpViewModel.swift in Sources */,
				A85D998227EA2E2F00E9B0AA /* OptionHeaderView.swift in Sources */,
				A85A980D27EE0B06003DFC0F /* RadioViewButton.swift in Sources */,
				A8373A7E27DDEDCF00BA0442 /* LoginRequest.swift in Sources */,
				9F7D544A27FB2BBE00D75CD0 /* DropDownView.swift in Sources */,
				9F7D545327FBFA2200D75CD0 /* CombinationService.swift in Sources */,
				9F7D541427F3648B00D75CD0 /* CalendarCell.swift in Sources */,
			);
			runOnlyForDeploymentPostprocessing = 0;
		};
/* End PBXSourcesBuildPhase section */

/* Begin PBXVariantGroup section */
		9F81962827D64C0200FF42BA /* TabBar.storyboard */ = {
			isa = PBXVariantGroup;
			children = (
				9F81962927D64C0200FF42BA /* Base */,
			);
			name = TabBar.storyboard;
			sourceTree = "<group>";
		};
		9F81962D27D64C0400FF42BA /* LaunchScreen.storyboard */ = {
			isa = PBXVariantGroup;
			children = (
				9F81962E27D64C0400FF42BA /* Base */,
			);
			name = LaunchScreen.storyboard;
			sourceTree = "<group>";
		};
/* End PBXVariantGroup section */

/* Begin XCBuildConfiguration section */
		9F81963127D64C0400FF42BA /* Debug */ = {
			isa = XCBuildConfiguration;
			buildSettings = {
				ALWAYS_SEARCH_USER_PATHS = NO;
				CLANG_ANALYZER_NONNULL = YES;
				CLANG_ANALYZER_NUMBER_OBJECT_CONVERSION = YES_AGGRESSIVE;
				CLANG_CXX_LANGUAGE_STANDARD = "gnu++17";
				CLANG_CXX_LIBRARY = "libc++";
				CLANG_ENABLE_MODULES = YES;
				CLANG_ENABLE_OBJC_ARC = YES;
				CLANG_ENABLE_OBJC_WEAK = YES;
				CLANG_WARN_BLOCK_CAPTURE_AUTORELEASING = YES;
				CLANG_WARN_BOOL_CONVERSION = YES;
				CLANG_WARN_COMMA = YES;
				CLANG_WARN_CONSTANT_CONVERSION = YES;
				CLANG_WARN_DEPRECATED_OBJC_IMPLEMENTATIONS = YES;
				CLANG_WARN_DIRECT_OBJC_ISA_USAGE = YES_ERROR;
				CLANG_WARN_DOCUMENTATION_COMMENTS = YES;
				CLANG_WARN_EMPTY_BODY = YES;
				CLANG_WARN_ENUM_CONVERSION = YES;
				CLANG_WARN_INFINITE_RECURSION = YES;
				CLANG_WARN_INT_CONVERSION = YES;
				CLANG_WARN_NON_LITERAL_NULL_CONVERSION = YES;
				CLANG_WARN_OBJC_IMPLICIT_RETAIN_SELF = YES;
				CLANG_WARN_OBJC_LITERAL_CONVERSION = YES;
				CLANG_WARN_OBJC_ROOT_CLASS = YES_ERROR;
				CLANG_WARN_QUOTED_INCLUDE_IN_FRAMEWORK_HEADER = YES;
				CLANG_WARN_RANGE_LOOP_ANALYSIS = YES;
				CLANG_WARN_STRICT_PROTOTYPES = YES;
				CLANG_WARN_SUSPICIOUS_MOVE = YES;
				CLANG_WARN_UNGUARDED_AVAILABILITY = YES_AGGRESSIVE;
				CLANG_WARN_UNREACHABLE_CODE = YES;
				CLANG_WARN__DUPLICATE_METHOD_MATCH = YES;
				COPY_PHASE_STRIP = NO;
				DEBUG_INFORMATION_FORMAT = dwarf;
				ENABLE_STRICT_OBJC_MSGSEND = YES;
				ENABLE_TESTABILITY = YES;
				GCC_C_LANGUAGE_STANDARD = gnu11;
				GCC_DYNAMIC_NO_PIC = NO;
				GCC_NO_COMMON_BLOCKS = YES;
				GCC_OPTIMIZATION_LEVEL = 0;
				GCC_PREPROCESSOR_DEFINITIONS = (
					"DEBUG=1",
					"$(inherited)",
				);
				GCC_WARN_64_TO_32_BIT_CONVERSION = YES;
				GCC_WARN_ABOUT_RETURN_TYPE = YES_ERROR;
				GCC_WARN_UNDECLARED_SELECTOR = YES;
				GCC_WARN_UNINITIALIZED_AUTOS = YES_AGGRESSIVE;
				GCC_WARN_UNUSED_FUNCTION = YES;
				GCC_WARN_UNUSED_VARIABLE = YES;
				IPHONEOS_DEPLOYMENT_TARGET = 15.0;
				MTL_ENABLE_DEBUG_INFO = INCLUDE_SOURCE;
				MTL_FAST_MATH = YES;
				ONLY_ACTIVE_ARCH = YES;
				SDKROOT = iphoneos;
				SWIFT_ACTIVE_COMPILATION_CONDITIONS = DEBUG;
				SWIFT_OPTIMIZATION_LEVEL = "-Onone";
			};
			name = Debug;
		};
		9F81963227D64C0400FF42BA /* Release */ = {
			isa = XCBuildConfiguration;
			buildSettings = {
				ALWAYS_SEARCH_USER_PATHS = NO;
				CLANG_ANALYZER_NONNULL = YES;
				CLANG_ANALYZER_NUMBER_OBJECT_CONVERSION = YES_AGGRESSIVE;
				CLANG_CXX_LANGUAGE_STANDARD = "gnu++17";
				CLANG_CXX_LIBRARY = "libc++";
				CLANG_ENABLE_MODULES = YES;
				CLANG_ENABLE_OBJC_ARC = YES;
				CLANG_ENABLE_OBJC_WEAK = YES;
				CLANG_WARN_BLOCK_CAPTURE_AUTORELEASING = YES;
				CLANG_WARN_BOOL_CONVERSION = YES;
				CLANG_WARN_COMMA = YES;
				CLANG_WARN_CONSTANT_CONVERSION = YES;
				CLANG_WARN_DEPRECATED_OBJC_IMPLEMENTATIONS = YES;
				CLANG_WARN_DIRECT_OBJC_ISA_USAGE = YES_ERROR;
				CLANG_WARN_DOCUMENTATION_COMMENTS = YES;
				CLANG_WARN_EMPTY_BODY = YES;
				CLANG_WARN_ENUM_CONVERSION = YES;
				CLANG_WARN_INFINITE_RECURSION = YES;
				CLANG_WARN_INT_CONVERSION = YES;
				CLANG_WARN_NON_LITERAL_NULL_CONVERSION = YES;
				CLANG_WARN_OBJC_IMPLICIT_RETAIN_SELF = YES;
				CLANG_WARN_OBJC_LITERAL_CONVERSION = YES;
				CLANG_WARN_OBJC_ROOT_CLASS = YES_ERROR;
				CLANG_WARN_QUOTED_INCLUDE_IN_FRAMEWORK_HEADER = YES;
				CLANG_WARN_RANGE_LOOP_ANALYSIS = YES;
				CLANG_WARN_STRICT_PROTOTYPES = YES;
				CLANG_WARN_SUSPICIOUS_MOVE = YES;
				CLANG_WARN_UNGUARDED_AVAILABILITY = YES_AGGRESSIVE;
				CLANG_WARN_UNREACHABLE_CODE = YES;
				CLANG_WARN__DUPLICATE_METHOD_MATCH = YES;
				COPY_PHASE_STRIP = NO;
				DEBUG_INFORMATION_FORMAT = "dwarf-with-dsym";
				ENABLE_NS_ASSERTIONS = NO;
				ENABLE_STRICT_OBJC_MSGSEND = YES;
				GCC_C_LANGUAGE_STANDARD = gnu11;
				GCC_NO_COMMON_BLOCKS = YES;
				GCC_WARN_64_TO_32_BIT_CONVERSION = YES;
				GCC_WARN_ABOUT_RETURN_TYPE = YES_ERROR;
				GCC_WARN_UNDECLARED_SELECTOR = YES;
				GCC_WARN_UNINITIALIZED_AUTOS = YES_AGGRESSIVE;
				GCC_WARN_UNUSED_FUNCTION = YES;
				GCC_WARN_UNUSED_VARIABLE = YES;
				IPHONEOS_DEPLOYMENT_TARGET = 15.0;
				MTL_ENABLE_DEBUG_INFO = NO;
				MTL_FAST_MATH = YES;
				SDKROOT = iphoneos;
				SWIFT_COMPILATION_MODE = wholemodule;
				SWIFT_OPTIMIZATION_LEVEL = "-O";
				VALIDATE_PRODUCT = YES;
			};
			name = Release;
		};
		9F81963427D64C0400FF42BA /* Debug */ = {
			isa = XCBuildConfiguration;
			baseConfigurationReference = 1DB9F37DD0B307B399E1B39D /* Pods-Cuppo.debug.xcconfig */;
			buildSettings = {
				ASSETCATALOG_COMPILER_APPICON_NAME = AppIcon;
				ASSETCATALOG_COMPILER_GLOBAL_ACCENT_COLOR_NAME = AccentColor;
				CODE_SIGN_STYLE = Automatic;
				CURRENT_PROJECT_VERSION = 1;
				DEVELOPMENT_TEAM = 8K8VT9C65D;
				GENERATE_INFOPLIST_FILE = YES;
				INFOPLIST_FILE = Cuppo/Info.plist;
				INFOPLIST_KEY_UIApplicationSupportsIndirectInputEvents = YES;
				INFOPLIST_KEY_UILaunchStoryboardName = LaunchScreen;
				INFOPLIST_KEY_UISupportedInterfaceOrientations_iPad = "UIInterfaceOrientationPortrait UIInterfaceOrientationPortraitUpsideDown UIInterfaceOrientationLandscapeLeft UIInterfaceOrientationLandscapeRight";
				INFOPLIST_KEY_UISupportedInterfaceOrientations_iPhone = "UIInterfaceOrientationPortrait UIInterfaceOrientationLandscapeLeft UIInterfaceOrientationLandscapeRight";
				LD_RUNPATH_SEARCH_PATHS = (
					"$(inherited)",
					"@executable_path/Frameworks",
				);
				MARKETING_VERSION = 1.0;
				PRODUCT_BUNDLE_IDENTIFIER = iOSHaYeonStudy.Cuppo;
				PRODUCT_NAME = "$(TARGET_NAME)";
				SWIFT_EMIT_LOC_STRINGS = YES;
				SWIFT_VERSION = 5.0;
				TARGETED_DEVICE_FAMILY = 1;
			};
			name = Debug;
		};
		9F81963527D64C0400FF42BA /* Release */ = {
			isa = XCBuildConfiguration;
			baseConfigurationReference = 78B7CE531B317FCE57E694A4 /* Pods-Cuppo.release.xcconfig */;
			buildSettings = {
				ASSETCATALOG_COMPILER_APPICON_NAME = AppIcon;
				ASSETCATALOG_COMPILER_GLOBAL_ACCENT_COLOR_NAME = AccentColor;
				CODE_SIGN_STYLE = Automatic;
				CURRENT_PROJECT_VERSION = 1;
				DEVELOPMENT_TEAM = 8K8VT9C65D;
				GENERATE_INFOPLIST_FILE = YES;
				INFOPLIST_FILE = Cuppo/Info.plist;
				INFOPLIST_KEY_UIApplicationSupportsIndirectInputEvents = YES;
				INFOPLIST_KEY_UILaunchStoryboardName = LaunchScreen;
				INFOPLIST_KEY_UISupportedInterfaceOrientations_iPad = "UIInterfaceOrientationPortrait UIInterfaceOrientationPortraitUpsideDown UIInterfaceOrientationLandscapeLeft UIInterfaceOrientationLandscapeRight";
				INFOPLIST_KEY_UISupportedInterfaceOrientations_iPhone = "UIInterfaceOrientationPortrait UIInterfaceOrientationLandscapeLeft UIInterfaceOrientationLandscapeRight";
				LD_RUNPATH_SEARCH_PATHS = (
					"$(inherited)",
					"@executable_path/Frameworks",
				);
				MARKETING_VERSION = 1.0;
				PRODUCT_BUNDLE_IDENTIFIER = iOSHaYeonStudy.Cuppo;
				PRODUCT_NAME = "$(TARGET_NAME)";
				SWIFT_EMIT_LOC_STRINGS = YES;
				SWIFT_VERSION = 5.0;
				TARGETED_DEVICE_FAMILY = 1;
			};
			name = Release;
		};
/* End XCBuildConfiguration section */

/* Begin XCConfigurationList section */
		9F81961A27D64C0200FF42BA /* Build configuration list for PBXProject "Cuppo" */ = {
			isa = XCConfigurationList;
			buildConfigurations = (
				9F81963127D64C0400FF42BA /* Debug */,
				9F81963227D64C0400FF42BA /* Release */,
			);
			defaultConfigurationIsVisible = 0;
			defaultConfigurationName = Release;
		};
		9F81963327D64C0400FF42BA /* Build configuration list for PBXNativeTarget "Cuppo" */ = {
			isa = XCConfigurationList;
			buildConfigurations = (
				9F81963427D64C0400FF42BA /* Debug */,
				9F81963527D64C0400FF42BA /* Release */,
			);
			defaultConfigurationIsVisible = 0;
			defaultConfigurationName = Release;
		};
/* End XCConfigurationList section */
	};
	rootObject = 9F81961727D64C0200FF42BA /* Project object */;
}
