// !$*UTF8*$!
{
	archiveVersion = 1;
	classes = {
	};
	objectVersion = 55;
	objects = {

/* Begin PBXBuildFile section */
		9F81962327D64C0200FF42BA /* AppDelegate.swift in Sources */ = {isa = PBXBuildFile; fileRef = 9F81962227D64C0200FF42BA /* AppDelegate.swift */; };
		9F81962527D64C0200FF42BA /* SceneDelegate.swift in Sources */ = {isa = PBXBuildFile; fileRef = 9F81962427D64C0200FF42BA /* SceneDelegate.swift */; };
		9F81962727D64C0200FF42BA /* ViewController.swift in Sources */ = {isa = PBXBuildFile; fileRef = 9F81962627D64C0200FF42BA /* ViewController.swift */; };
		9F81962A27D64C0200FF42BA /* Main.storyboard in Resources */ = {isa = PBXBuildFile; fileRef = 9F81962827D64C0200FF42BA /* Main.storyboard */; };
		9F81962C27D64C0300FF42BA /* Assets.xcassets in Resources */ = {isa = PBXBuildFile; fileRef = 9F81962B27D64C0300FF42BA /* Assets.xcassets */; };
		9F81962F27D64C0400FF42BA /* LaunchScreen.storyboard in Resources */ = {isa = PBXBuildFile; fileRef = 9F81962D27D64C0400FF42BA /* LaunchScreen.storyboard */; };
/* End PBXBuildFile section */

/* Begin PBXFileReference section */
		9F81961F27D64C0200FF42BA /* Cuppo.app */ = {isa = PBXFileReference; explicitFileType = wrapper.application; includeInIndex = 0; path = Cuppo.app; sourceTree = BUILT_PRODUCTS_DIR; };
		9F81962227D64C0200FF42BA /* AppDelegate.swift */ = {isa = PBXFileReference; lastKnownFileType = sourcecode.swift; path = AppDelegate.swift; sourceTree = "<group>"; };
		9F81962427D64C0200FF42BA /* SceneDelegate.swift */ = {isa = PBXFileReference; lastKnownFileType = sourcecode.swift; path = SceneDelegate.swift; sourceTree = "<group>"; };
		9F81962627D64C0200FF42BA /* ViewController.swift */ = {isa = PBXFileReference; lastKnownFileType = sourcecode.swift; path = ViewController.swift; sourceTree = "<group>"; };
		9F81962927D64C0200FF42BA /* Base */ = {isa = PBXFileReference; lastKnownFileType = file.storyboard; name = Base; path = Base.lproj/Main.storyboard; sourceTree = "<group>"; };
		9F81962B27D64C0300FF42BA /* Assets.xcassets */ = {isa = PBXFileReference; lastKnownFileType = folder.assetcatalog; path = Assets.xcassets; sourceTree = "<group>"; };
		9F81962E27D64C0400FF42BA /* Base */ = {isa = PBXFileReference; lastKnownFileType = file.storyboard; name = Base; path = Base.lproj/LaunchScreen.storyboard; sourceTree = "<group>"; };
		9F81963027D64C0400FF42BA /* Info.plist */ = {isa = PBXFileReference; lastKnownFileType = text.plist.xml; path = Info.plist; sourceTree = "<group>"; };
/* End PBXFileReference section */

/* Begin PBXFrameworksBuildPhase section */
		9F81961C27D64C0200FF42BA /* Frameworks */ = {
			isa = PBXFrameworksBuildPhase;
			buildActionMask = 2147483647;
			files = (
			);
			runOnlyForDeploymentPostprocessing = 0;
		};
/* End PBXFrameworksBuildPhase section */

/* Begin PBXGroup section */
		9F81961627D64C0200FF42BA = {
			isa = PBXGroup;
			children = (
				9F81962127D64C0200FF42BA /* Cuppo */,
				9F81962027D64C0200FF42BA /* Products */,
			);
			sourceTree = "<group>";
		};
		9F81962027D64C0200FF42BA /* Products */ = {
			isa = PBXGroup;
			children = (
				9F81961F27D64C0200FF42BA /* Cuppo.app */,
			);
			name = Products;
			sourceTree = "<group>";
		};
		9F81962127D64C0200FF42BA /* Cuppo */ = {
			isa = PBXGroup;
			children = (
				9F81963027D64C0400FF42BA /* Info.plist */,
				9F81963627D64C3700FF42BA /* Applications */,
				9F81963727D64C3F00FF42BA /* Resources */,
				9F81963827D64C4D00FF42BA /* Sources */,
			);
			path = Cuppo;
			sourceTree = "<group>";
		};
		9F81963627D64C3700FF42BA /* Applications */ = {
			isa = PBXGroup;
			children = (
				9F81962D27D64C0400FF42BA /* LaunchScreen.storyboard */,
				9F81962227D64C0200FF42BA /* AppDelegate.swift */,
				9F81962427D64C0200FF42BA /* SceneDelegate.swift */,
			);
			path = Applications;
			sourceTree = "<group>";
		};
		9F81963727D64C3F00FF42BA /* Resources */ = {
			isa = PBXGroup;
			children = (
				9F81962B27D64C0300FF42BA /* Assets.xcassets */,
				9F81963927D64C9900FF42BA /* Constants */,
				9F81963A27D64CA100FF42BA /* Extension */,
				9F81963B27D64CAA00FF42BA /* Util */,
			);
			path = Resources;
			sourceTree = "<group>";
		};
		9F81963827D64C4D00FF42BA /* Sources */ = {
			isa = PBXGroup;
			children = (
				9F81963D27D64CC800FF42BA /* Network */,
				9F81963C27D64CC300FF42BA /* Model */,
				9F81963E27D64CCF00FF42BA /* Views */,
				9F81963F27D64CD500FF42BA /* ViewModels */,
			);
			path = Sources;
			sourceTree = "<group>";
		};
		9F81963927D64C9900FF42BA /* Constants */ = {
			isa = PBXGroup;
			children = (
			);
			path = Constants;
			sourceTree = "<group>";
		};
		9F81963A27D64CA100FF42BA /* Extension */ = {
			isa = PBXGroup;
			children = (
			);
			path = Extension;
			sourceTree = "<group>";
		};
		9F81963B27D64CAA00FF42BA /* Util */ = {
			isa = PBXGroup;
			children = (
			);
			path = Util;
			sourceTree = "<group>";
		};
		9F81963C27D64CC300FF42BA /* Model */ = {
			isa = PBXGroup;
			children = (
			);
			path = Model;
			sourceTree = "<group>";
		};
		9F81963D27D64CC800FF42BA /* Network */ = {
			isa = PBXGroup;
			children = (
			);
			path = Network;
			sourceTree = "<group>";
		};
		9F81963E27D64CCF00FF42BA /* Views */ = {
			isa = PBXGroup;
			children = (
				9F81962827D64C0200FF42BA /* Main.storyboard */,
				9F81962627D64C0200FF42BA /* ViewController.swift */,
			);
			path = Views;
			sourceTree = "<group>";
		};
		9F81963F27D64CD500FF42BA /* ViewModels */ = {
			isa = PBXGroup;
			children = (
			);
			path = ViewModels;
			sourceTree = "<group>";
		};
/* End PBXGroup section */

/* Begin PBXNativeTarget section */
		9F81961E27D64C0200FF42BA /* Cuppo */ = {
			isa = PBXNativeTarget;
			buildConfigurationList = 9F81963327D64C0400FF42BA /* Build configuration list for PBXNativeTarget "Cuppo" */;
			buildPhases = (
				9F81961B27D64C0200FF42BA /* Sources */,
				9F81961C27D64C0200FF42BA /* Frameworks */,
				9F81961D27D64C0200FF42BA /* Resources */,
			);
			buildRules = (
			);
			dependencies = (
			);
			name = Cuppo;
			productName = Cuppo;
			productReference = 9F81961F27D64C0200FF42BA /* Cuppo.app */;
			productType = "com.apple.product-type.application";
		};
/* End PBXNativeTarget section */

/* Begin PBXProject section */
		9F81961727D64C0200FF42BA /* Project object */ = {
			isa = PBXProject;
			attributes = {
				BuildIndependentTargetsInParallel = 1;
				LastSwiftUpdateCheck = 1310;
				LastUpgradeCheck = 1310;
				TargetAttributes = {
					9F81961E27D64C0200FF42BA = {
						CreatedOnToolsVersion = 13.1;
					};
				};
			};
			buildConfigurationList = 9F81961A27D64C0200FF42BA /* Build configuration list for PBXProject "Cuppo" */;
			compatibilityVersion = "Xcode 13.0";
			developmentRegion = en;
			hasScannedForEncodings = 0;
			knownRegions = (
				en,
				Base,
			);
			mainGroup = 9F81961627D64C0200FF42BA;
			productRefGroup = 9F81962027D64C0200FF42BA /* Products */;
			projectDirPath = "";
			projectRoot = "";
			targets = (
				9F81961E27D64C0200FF42BA /* Cuppo */,
			);
		};
/* End PBXProject section */

/* Begin PBXResourcesBuildPhase section */
		9F81961D27D64C0200FF42BA /* Resources */ = {
			isa = PBXResourcesBuildPhase;
			buildActionMask = 2147483647;
			files = (
				9F81962F27D64C0400FF42BA /* LaunchScreen.storyboard in Resources */,
				9F81962C27D64C0300FF42BA /* Assets.xcassets in Resources */,
				9F81962A27D64C0200FF42BA /* Main.storyboard in Resources */,
			);
			runOnlyForDeploymentPostprocessing = 0;
		};
/* End PBXResourcesBuildPhase section */

/* Begin PBXSourcesBuildPhase section */
		9F81961B27D64C0200FF42BA /* Sources */ = {
			isa = PBXSourcesBuildPhase;
			buildActionMask = 2147483647;
			files = (
				9F81962727D64C0200FF42BA /* ViewController.swift in Sources */,
				9F81962327D64C0200FF42BA /* AppDelegate.swift in Sources */,
				9F81962527D64C0200FF42BA /* SceneDelegate.swift in Sources */,
			);
			runOnlyForDeploymentPostprocessing = 0;
		};
/* End PBXSourcesBuildPhase section */

/* Begin PBXVariantGroup section */
		9F81962827D64C0200FF42BA /* Main.storyboard */ = {
			isa = PBXVariantGroup;
			children = (
				9F81962927D64C0200FF42BA /* Base */,
			);
			name = Main.storyboard;
			sourceTree = "<group>";
		};
		9F81962D27D64C0400FF42BA /* LaunchScreen.storyboard */ = {
			isa = PBXVariantGroup;
			children = (
				9F81962E27D64C0400FF42BA /* Base */,
			);
			name = LaunchScreen.storyboard;
			sourceTree = "<group>";
		};
/* End PBXVariantGroup section */

/* Begin XCBuildConfiguration section */
		9F81963127D64C0400FF42BA /* Debug */ = {
			isa = XCBuildConfiguration;
			buildSettings = {
				ALWAYS_SEARCH_USER_PATHS = NO;
				CLANG_ANALYZER_NONNULL = YES;
				CLANG_ANALYZER_NUMBER_OBJECT_CONVERSION = YES_AGGRESSIVE;
				CLANG_CXX_LANGUAGE_STANDARD = "gnu++17";
				CLANG_CXX_LIBRARY = "libc++";
				CLANG_ENABLE_MODULES = YES;
				CLANG_ENABLE_OBJC_ARC = YES;
				CLANG_ENABLE_OBJC_WEAK = YES;
				CLANG_WARN_BLOCK_CAPTURE_AUTORELEASING = YES;
				CLANG_WARN_BOOL_CONVERSION = YES;
				CLANG_WARN_COMMA = YES;
				CLANG_WARN_CONSTANT_CONVERSION = YES;
				CLANG_WARN_DEPRECATED_OBJC_IMPLEMENTATIONS = YES;
				CLANG_WARN_DIRECT_OBJC_ISA_USAGE = YES_ERROR;
				CLANG_WARN_DOCUMENTATION_COMMENTS = YES;
				CLANG_WARN_EMPTY_BODY = YES;
				CLANG_WARN_ENUM_CONVERSION = YES;
				CLANG_WARN_INFINITE_RECURSION = YES;
				CLANG_WARN_INT_CONVERSION = YES;
				CLANG_WARN_NON_LITERAL_NULL_CONVERSION = YES;
				CLANG_WARN_OBJC_IMPLICIT_RETAIN_SELF = YES;
				CLANG_WARN_OBJC_LITERAL_CONVERSION = YES;
				CLANG_WARN_OBJC_ROOT_CLASS = YES_ERROR;
				CLANG_WARN_QUOTED_INCLUDE_IN_FRAMEWORK_HEADER = YES;
				CLANG_WARN_RANGE_LOOP_ANALYSIS = YES;
				CLANG_WARN_STRICT_PROTOTYPES = YES;
				CLANG_WARN_SUSPICIOUS_MOVE = YES;
				CLANG_WARN_UNGUARDED_AVAILABILITY = YES_AGGRESSIVE;
				CLANG_WARN_UNREACHABLE_CODE = YES;
				CLANG_WARN__DUPLICATE_METHOD_MATCH = YES;
				COPY_PHASE_STRIP = NO;
				DEBUG_INFORMATION_FORMAT = dwarf;
				ENABLE_STRICT_OBJC_MSGSEND = YES;
				ENABLE_TESTABILITY = YES;
				GCC_C_LANGUAGE_STANDARD = gnu11;
				GCC_DYNAMIC_NO_PIC = NO;
				GCC_NO_COMMON_BLOCKS = YES;
				GCC_OPTIMIZATION_LEVEL = 0;
				GCC_PREPROCESSOR_DEFINITIONS = (
					"DEBUG=1",
					"$(inherited)",
				);
				GCC_WARN_64_TO_32_BIT_CONVERSION = YES;
				GCC_WARN_ABOUT_RETURN_TYPE = YES_ERROR;
				GCC_WARN_UNDECLARED_SELECTOR = YES;
				GCC_WARN_UNINITIALIZED_AUTOS = YES_AGGRESSIVE;
				GCC_WARN_UNUSED_FUNCTION = YES;
				GCC_WARN_UNUSED_VARIABLE = YES;
				IPHONEOS_DEPLOYMENT_TARGET = 15.0;
				MTL_ENABLE_DEBUG_INFO = INCLUDE_SOURCE;
				MTL_FAST_MATH = YES;
				ONLY_ACTIVE_ARCH = YES;
				SDKROOT = iphoneos;
				SWIFT_ACTIVE_COMPILATION_CONDITIONS = DEBUG;
				SWIFT_OPTIMIZATION_LEVEL = "-Onone";
			};
			name = Debug;
		};
		9F81963227D64C0400FF42BA /* Release */ = {
			isa = XCBuildConfiguration;
			buildSettings = {
				ALWAYS_SEARCH_USER_PATHS = NO;
				CLANG_ANALYZER_NONNULL = YES;
				CLANG_ANALYZER_NUMBER_OBJECT_CONVERSION = YES_AGGRESSIVE;
				CLANG_CXX_LANGUAGE_STANDARD = "gnu++17";
				CLANG_CXX_LIBRARY = "libc++";
				CLANG_ENABLE_MODULES = YES;
				CLANG_ENABLE_OBJC_ARC = YES;
				CLANG_ENABLE_OBJC_WEAK = YES;
				CLANG_WARN_BLOCK_CAPTURE_AUTORELEASING = YES;
				CLANG_WARN_BOOL_CONVERSION = YES;
				CLANG_WARN_COMMA = YES;
				CLANG_WARN_CONSTANT_CONVERSION = YES;
				CLANG_WARN_DEPRECATED_OBJC_IMPLEMENTATIONS = YES;
				CLANG_WARN_DIRECT_OBJC_ISA_USAGE = YES_ERROR;
				CLANG_WARN_DOCUMENTATION_COMMENTS = YES;
				CLANG_WARN_EMPTY_BODY = YES;
				CLANG_WARN_ENUM_CONVERSION = YES;
				CLANG_WARN_INFINITE_RECURSION = YES;
				CLANG_WARN_INT_CONVERSION = YES;
				CLANG_WARN_NON_LITERAL_NULL_CONVERSION = YES;
				CLANG_WARN_OBJC_IMPLICIT_RETAIN_SELF = YES;
				CLANG_WARN_OBJC_LITERAL_CONVERSION = YES;
				CLANG_WARN_OBJC_ROOT_CLASS = YES_ERROR;
				CLANG_WARN_QUOTED_INCLUDE_IN_FRAMEWORK_HEADER = YES;
				CLANG_WARN_RANGE_LOOP_ANALYSIS = YES;
				CLANG_WARN_STRICT_PROTOTYPES = YES;
				CLANG_WARN_SUSPICIOUS_MOVE = YES;
				CLANG_WARN_UNGUARDED_AVAILABILITY = YES_AGGRESSIVE;
				CLANG_WARN_UNREACHABLE_CODE = YES;
				CLANG_WARN__DUPLICATE_METHOD_MATCH = YES;
				COPY_PHASE_STRIP = NO;
				DEBUG_INFORMATION_FORMAT = "dwarf-with-dsym";
				ENABLE_NS_ASSERTIONS = NO;
				ENABLE_STRICT_OBJC_MSGSEND = YES;
				GCC_C_LANGUAGE_STANDARD = gnu11;
				GCC_NO_COMMON_BLOCKS = YES;
				GCC_WARN_64_TO_32_BIT_CONVERSION = YES;
				GCC_WARN_ABOUT_RETURN_TYPE = YES_ERROR;
				GCC_WARN_UNDECLARED_SELECTOR = YES;
				GCC_WARN_UNINITIALIZED_AUTOS = YES_AGGRESSIVE;
				GCC_WARN_UNUSED_FUNCTION = YES;
				GCC_WARN_UNUSED_VARIABLE = YES;
				IPHONEOS_DEPLOYMENT_TARGET = 15.0;
				MTL_ENABLE_DEBUG_INFO = NO;
				MTL_FAST_MATH = YES;
				SDKROOT = iphoneos;
				SWIFT_COMPILATION_MODE = wholemodule;
				SWIFT_OPTIMIZATION_LEVEL = "-O";
				VALIDATE_PRODUCT = YES;
			};
			name = Release;
		};
		9F81963427D64C0400FF42BA /* Debug */ = {
			isa = XCBuildConfiguration;
			buildSettings = {
				ASSETCATALOG_COMPILER_APPICON_NAME = AppIcon;
				ASSETCATALOG_COMPILER_GLOBAL_ACCENT_COLOR_NAME = AccentColor;
				CODE_SIGN_STYLE = Automatic;
				CURRENT_PROJECT_VERSION = 1;
				DEVELOPMENT_TEAM = 8K8VT9C65D;
				GENERATE_INFOPLIST_FILE = YES;
				INFOPLIST_FILE = Cuppo/Info.plist;
				INFOPLIST_KEY_UIApplicationSupportsIndirectInputEvents = YES;
				INFOPLIST_KEY_UILaunchStoryboardName = LaunchScreen;
				INFOPLIST_KEY_UIMainStoryboardFile = Main;
				INFOPLIST_KEY_UISupportedInterfaceOrientations_iPad = "UIInterfaceOrientationPortrait UIInterfaceOrientationPortraitUpsideDown UIInterfaceOrientationLandscapeLeft UIInterfaceOrientationLandscapeRight";
				INFOPLIST_KEY_UISupportedInterfaceOrientations_iPhone = "UIInterfaceOrientationPortrait UIInterfaceOrientationLandscapeLeft UIInterfaceOrientationLandscapeRight";
				LD_RUNPATH_SEARCH_PATHS = (
					"$(inherited)",
					"@executable_path/Frameworks",
				);
				MARKETING_VERSION = 1.0;
				PRODUCT_BUNDLE_IDENTIFIER = iOSHaYeonStudy.Cuppo;
				PRODUCT_NAME = "$(TARGET_NAME)";
				SWIFT_EMIT_LOC_STRINGS = YES;
				SWIFT_VERSION = 5.0;
				TARGETED_DEVICE_FAMILY = "1,2";
			};
			name = Debug;
		};
		9F81963527D64C0400FF42BA /* Release */ = {
			isa = XCBuildConfiguration;
			buildSettings = {
				ASSETCATALOG_COMPILER_APPICON_NAME = AppIcon;
				ASSETCATALOG_COMPILER_GLOBAL_ACCENT_COLOR_NAME = AccentColor;
				CODE_SIGN_STYLE = Automatic;
				CURRENT_PROJECT_VERSION = 1;
				DEVELOPMENT_TEAM = 8K8VT9C65D;
				GENERATE_INFOPLIST_FILE = YES;
				INFOPLIST_FILE = Cuppo/Info.plist;
				INFOPLIST_KEY_UIApplicationSupportsIndirectInputEvents = YES;
				INFOPLIST_KEY_UILaunchStoryboardName = LaunchScreen;
				INFOPLIST_KEY_UIMainStoryboardFile = Main;
				INFOPLIST_KEY_UISupportedInterfaceOrientations_iPad = "UIInterfaceOrientationPortrait UIInterfaceOrientationPortraitUpsideDown UIInterfaceOrientationLandscapeLeft UIInterfaceOrientationLandscapeRight";
				INFOPLIST_KEY_UISupportedInterfaceOrientations_iPhone = "UIInterfaceOrientationPortrait UIInterfaceOrientationLandscapeLeft UIInterfaceOrientationLandscapeRight";
				LD_RUNPATH_SEARCH_PATHS = (
					"$(inherited)",
					"@executable_path/Frameworks",
				);
				MARKETING_VERSION = 1.0;
				PRODUCT_BUNDLE_IDENTIFIER = iOSHaYeonStudy.Cuppo;
				PRODUCT_NAME = "$(TARGET_NAME)";
				SWIFT_EMIT_LOC_STRINGS = YES;
				SWIFT_VERSION = 5.0;
				TARGETED_DEVICE_FAMILY = "1,2";
			};
			name = Release;
		};
/* End XCBuildConfiguration section */

/* Begin XCConfigurationList section */
		9F81961A27D64C0200FF42BA /* Build configuration list for PBXProject "Cuppo" */ = {
			isa = XCConfigurationList;
			buildConfigurations = (
				9F81963127D64C0400FF42BA /* Debug */,
				9F81963227D64C0400FF42BA /* Release */,
			);
			defaultConfigurationIsVisible = 0;
			defaultConfigurationName = Release;
		};
		9F81963327D64C0400FF42BA /* Build configuration list for PBXNativeTarget "Cuppo" */ = {
			isa = XCConfigurationList;
			buildConfigurations = (
				9F81963427D64C0400FF42BA /* Debug */,
				9F81963527D64C0400FF42BA /* Release */,
			);
			defaultConfigurationIsVisible = 0;
			defaultConfigurationName = Release;
		};
/* End XCConfigurationList section */
	};
	rootObject = 9F81961727D64C0200FF42BA /* Project object */;
}
